// !$*UTF8*$!
{
	archiveVersion = 1;
	classes = {
	};
	objectVersion = 46;
	objects = {

/* Begin PBXBuildFile section */
		6C392FC5AF0C61509011C30D /* Pods_MyApp.framework in Frameworks */ = {isa = PBXBuildFile; fileRef = 7E8000CCB9AE328B83764288 /* Pods_MyApp.framework */; };
		B0012F9024079F5200540518 /* FoodListViewController.swift in Sources */ = {isa = PBXBuildFile; fileRef = B0012F8D24079F5200540518 /* FoodListViewController.swift */; };
		B0012F9124079F5200540518 /* FoodListViewController.xib in Resources */ = {isa = PBXBuildFile; fileRef = B0012F8E24079F5200540518 /* FoodListViewController.xib */; };
		B0012F9224079F5200540518 /* FoodListViewModel.swift in Sources */ = {isa = PBXBuildFile; fileRef = B0012F8F24079F5200540518 /* FoodListViewModel.swift */; };
		B0012F9424079F7100540518 /* FoodListService.swift in Sources */ = {isa = PBXBuildFile; fileRef = B0012F9324079F7100540518 /* FoodListService.swift */; };
		B00DD3272404CE5B00714A10 /* FoodDetailViewController.swift in Sources */ = {isa = PBXBuildFile; fileRef = B00DD3252404CE5B00714A10 /* FoodDetailViewController.swift */; };
		B00DD3282404CE5B00714A10 /* FoodDetailViewController.xib in Resources */ = {isa = PBXBuildFile; fileRef = B00DD3262404CE5B00714A10 /* FoodDetailViewController.xib */; };
		B04695F5240760650050958F /* HomeService.swift in Sources */ = {isa = PBXBuildFile; fileRef = B04695F2240760650050958F /* HomeService.swift */; };
		B04695F6240760650050958F /* CountryDetailService.swift in Sources */ = {isa = PBXBuildFile; fileRef = B04695F3240760650050958F /* CountryDetailService.swift */; };
		B04695FB240760950050958F /* Country.swift in Sources */ = {isa = PBXBuildFile; fileRef = B04695F7240760950050958F /* Country.swift */; };
		B04695FC240760950050958F /* Networking.swift in Sources */ = {isa = PBXBuildFile; fileRef = B04695F8240760950050958F /* Networking.swift */; };
		B04695FD240760950050958F /* Category.swift in Sources */ = {isa = PBXBuildFile; fileRef = B04695F9240760950050958F /* Category.swift */; };
		B04695FE240760950050958F /* Food.swift in Sources */ = {isa = PBXBuildFile; fileRef = B04695FA240760950050958F /* Food.swift */; };
		B0469607240760CC0050958F /* NSErrorExt.swift in Sources */ = {isa = PBXBuildFile; fileRef = B04695FF240760C90050958F /* NSErrorExt.swift */; };
		B0469608240760CC0050958F /* NSDataExt.swift in Sources */ = {isa = PBXBuildFile; fileRef = B0469600240760C90050958F /* NSDataExt.swift */; };
		B0469609240760CC0050958F /* StringExt.swift in Sources */ = {isa = PBXBuildFile; fileRef = B0469601240760C90050958F /* StringExt.swift */; };
		B046960A240760CC0050958F /* DictionaryExt.swift in Sources */ = {isa = PBXBuildFile; fileRef = B0469602240760C90050958F /* DictionaryExt.swift */; };
		B046960B240760CC0050958F /* URLExt.swift in Sources */ = {isa = PBXBuildFile; fileRef = B0469603240760CA0050958F /* URLExt.swift */; };
		B046960C240760CC0050958F /* Data.Ext.swift in Sources */ = {isa = PBXBuildFile; fileRef = B0469604240760CA0050958F /* Data.Ext.swift */; };
		B046960D240760CC0050958F /* UIViewControllerExt.swift in Sources */ = {isa = PBXBuildFile; fileRef = B0469605240760CC0050958F /* UIViewControllerExt.swift */; };
		B046960E240760CC0050958F /* InputViewExt.swift in Sources */ = {isa = PBXBuildFile; fileRef = B0469606240760CC0050958F /* InputViewExt.swift */; };
		B0469612240760EB0050958F /* CustomCollectionCellViewModel.swift in Sources */ = {isa = PBXBuildFile; fileRef = B046960F240760EB0050958F /* CustomCollectionCellViewModel.swift */; };
		B0469613240760EB0050958F /* CustomCollectionViewCell.xib in Resources */ = {isa = PBXBuildFile; fileRef = B0469610240760EB0050958F /* CustomCollectionViewCell.xib */; };
		B0469614240760EB0050958F /* CustomCollectionViewCell.swift in Sources */ = {isa = PBXBuildFile; fileRef = B0469611240760EB0050958F /* CustomCollectionViewCell.swift */; };
		B0469618240761020050958F /* CountryDetailViewModel.swift in Sources */ = {isa = PBXBuildFile; fileRef = B0469615240761000050958F /* CountryDetailViewModel.swift */; };
		B0469619240761020050958F /* CountryDetailViewController.xib in Resources */ = {isa = PBXBuildFile; fileRef = B0469616240761010050958F /* CountryDetailViewController.xib */; };
		B046961A240761020050958F /* CountryDetailViewController.swift in Sources */ = {isa = PBXBuildFile; fileRef = B0469617240761010050958F /* CountryDetailViewController.swift */; };
		B046961F2407611F0050958F /* HomeViewController.xib in Resources */ = {isa = PBXBuildFile; fileRef = B046961B2407611F0050958F /* HomeViewController.xib */; };
		B04696202407611F0050958F /* HomeViewModel .swift in Sources */ = {isa = PBXBuildFile; fileRef = B046961C2407611F0050958F /* HomeViewModel .swift */; };
		B04696212407611F0050958F /* HomeViewController.swift in Sources */ = {isa = PBXBuildFile; fileRef = B046961D2407611F0050958F /* HomeViewController.swift */; };
		B04696222407611F0050958F /* CountryCollectionView.swift in Sources */ = {isa = PBXBuildFile; fileRef = B046961E2407611F0050958F /* CountryCollectionView.swift */; };
		B0469624240761250050958F /* CategoryCollectionView.swift in Sources */ = {isa = PBXBuildFile; fileRef = B0469623240761250050958F /* CategoryCollectionView.swift */; };
		B046962A240761500050958F /* CountryCollectionViewCell.swift in Sources */ = {isa = PBXBuildFile; fileRef = B0469627240761500050958F /* CountryCollectionViewCell.swift */; };
		B046962B240761500050958F /* CountryCollectionCellViewModel.swift in Sources */ = {isa = PBXBuildFile; fileRef = B0469628240761500050958F /* CountryCollectionCellViewModel.swift */; };
		B046962C240761500050958F /* CountryCollectionViewCell.xib in Resources */ = {isa = PBXBuildFile; fileRef = B0469629240761500050958F /* CountryCollectionViewCell.xib */; };
		B0469630240761580050958F /* CategoryCollectionCellViewModel.swift in Sources */ = {isa = PBXBuildFile; fileRef = B046962D240761580050958F /* CategoryCollectionCellViewModel.swift */; };
		B0469631240761580050958F /* CategoryCollectionViewCell.xib in Resources */ = {isa = PBXBuildFile; fileRef = B046962E240761580050958F /* CategoryCollectionViewCell.xib */; };
		B0469632240761580050958F /* CategoryCollectionViewCell.swift in Sources */ = {isa = PBXBuildFile; fileRef = B046962F240761580050958F /* CategoryCollectionViewCell.swift */; };
		B0B5902323FBD30200EEE1AC /* Assets.xcassets in Resources */ = {isa = PBXBuildFile; fileRef = B0B5902223FBD30200EEE1AC /* Assets.xcassets */; };
		B0B5902623FBD32200EEE1AC /* TabBarController.swift in Sources */ = {isa = PBXBuildFile; fileRef = B0B5902423FBD32200EEE1AC /* TabBarController.swift */; };
		B0B5902723FBD32200EEE1AC /* NavigationController.swift in Sources */ = {isa = PBXBuildFile; fileRef = B0B5902523FBD32200EEE1AC /* NavigationController.swift */; };
		B0B5902D23FBD35600EEE1AC /* FavoriteViewController.swift in Sources */ = {isa = PBXBuildFile; fileRef = B0B5902B23FBD35600EEE1AC /* FavoriteViewController.swift */; };
		B0B5902E23FBD35600EEE1AC /* FavoriteViewController.xib in Resources */ = {isa = PBXBuildFile; fileRef = B0B5902C23FBD35600EEE1AC /* FavoriteViewController.xib */; };
		B0B5903123FBD3A900EEE1AC /* SearchViewController.xib in Resources */ = {isa = PBXBuildFile; fileRef = B0B5902F23FBD3A900EEE1AC /* SearchViewController.xib */; };
		B0B5903223FBD3A900EEE1AC /* SearchViewController.swift in Sources */ = {isa = PBXBuildFile; fileRef = B0B5903023FBD3A900EEE1AC /* SearchViewController.swift */; };
		B0CDF5C7240657C5001367D0 /* SDWebImageMapKit.h in Frameworks */ = {isa = PBXBuildFile; fileRef = B0CDF5C6240657C5001367D0 /* SDWebImageMapKit.h */; };
		D028ADD12AA8716ECB14FFD9 /* Pods_MyApp_MyAppTests.framework in Frameworks */ = {isa = PBXBuildFile; fileRef = F49F1AB05FCB88523C52A0ED /* Pods_MyApp_MyAppTests.framework */; };
		EC0105541E8F8AE000CE013D /* AppDelegate.swift in Sources */ = {isa = PBXBuildFile; fileRef = EC0105441E8F8ADF00CE013D /* AppDelegate.swift */; };
		EC2C488D1EAF011C00B22F4B /* Utils.swift in Sources */ = {isa = PBXBuildFile; fileRef = EC2C488C1EAF011C00B22F4B /* Utils.swift */; };
		EC332A481EA0A8CB0011DF1E /* Api.swift in Sources */ = {isa = PBXBuildFile; fileRef = EC332A471EA0A8CB0011DF1E /* Api.swift */; };
		EC5337B51EF7845700ACE038 /* Color.swift in Sources */ = {isa = PBXBuildFile; fileRef = EC5337B41EF7845700ACE038 /* Color.swift */; };
		EC5337B71EF78CD800ACE038 /* App.swift in Sources */ = {isa = PBXBuildFile; fileRef = EC5337B61EF78CD800ACE038 /* App.swift */; };
		EC5337BA1EF78E4D00ACE038 /* Localizable.strings in Resources */ = {isa = PBXBuildFile; fileRef = EC5337BC1EF78E4D00ACE038 /* Localizable.strings */; };
		EC5337BE1EF78FEA00ACE038 /* Font.swift in Sources */ = {isa = PBXBuildFile; fileRef = EC5337BD1EF78FEA00ACE038 /* Font.swift */; };
		EC5337C11EF7939C00ACE038 /* TableCell.swift in Sources */ = {isa = PBXBuildFile; fileRef = EC5337C01EF7939C00ACE038 /* TableCell.swift */; };
		EC5337C31EF793B100ACE038 /* CollectionCell.swift in Sources */ = {isa = PBXBuildFile; fileRef = EC5337C21EF793B100ACE038 /* CollectionCell.swift */; };
		ECC3B1C51EC17044001345C6 /* StringTests.swift in Sources */ = {isa = PBXBuildFile; fileRef = ECC3B1C41EC17044001345C6 /* StringTests.swift */; };
		ECC3B1C91EC1A2EA001345C6 /* URLTests.swift in Sources */ = {isa = PBXBuildFile; fileRef = ECC3B1C81EC1A2EA001345C6 /* URLTests.swift */; };
		ECC3B1CB1EC1B196001345C6 /* DictionayTests.swift in Sources */ = {isa = PBXBuildFile; fileRef = ECC3B1CA1EC1B196001345C6 /* DictionayTests.swift */; };
		ECC5B2CB1EF90495001A97BC /* Button.swift in Sources */ = {isa = PBXBuildFile; fileRef = ECC5B2CA1EF90495001A97BC /* Button.swift */; };
		ECC5B2CD1EF906CA001A97BC /* ViewController.swift in Sources */ = {isa = PBXBuildFile; fileRef = ECC5B2CC1EF906CA001A97BC /* ViewController.swift */; };
		ECEC0C581ED44C5D00F6760A /* String.swift in Sources */ = {isa = PBXBuildFile; fileRef = ECEC0C571ED44C5D00F6760A /* String.swift */; };
		ECF23AB41E9B869B008C23C1 /* ApiManager.swift in Sources */ = {isa = PBXBuildFile; fileRef = ECF23AB11E9B869B008C23C1 /* ApiManager.swift */; };
		ECF23ABE1E9B8A6A008C23C1 /* Error.swift in Sources */ = {isa = PBXBuildFile; fileRef = ECF23ABD1E9B8A6A008C23C1 /* Error.swift */; };
		F1C6352C1EF141F300D0A1A0 /* LaunchScreen.storyboard in Resources */ = {isa = PBXBuildFile; fileRef = F1C6352B1EF141F300D0A1A0 /* LaunchScreen.storyboard */; };
		F537DDD0239794BF00638CB4 /* URL.swift in Sources */ = {isa = PBXBuildFile; fileRef = F537DDCF239794BF00638CB4 /* URL.swift */; };
/* End PBXBuildFile section */

/* Begin PBXContainerItemProxy section */
		B0CDF5C0240657A3001367D0 /* PBXContainerItemProxy */ = {
			isa = PBXContainerItemProxy;
			containerPortal = B0CDF5B9240657A3001367D0 /* SDWebImage.xcodeproj */;
			proxyType = 2;
			remoteGlobalIDString = 53761325155AD0D5005750A4;
			remoteInfo = "SDWebImage static";
		};
		B0CDF5C2240657A3001367D0 /* PBXContainerItemProxy */ = {
			isa = PBXContainerItemProxy;
			containerPortal = B0CDF5B9240657A3001367D0 /* SDWebImage.xcodeproj */;
			proxyType = 2;
			remoteGlobalIDString = 4A2CADFF1AB4BB5300B6BC39;
			remoteInfo = SDWebImage;
		};
		B0CDF5C4240657A3001367D0 /* PBXContainerItemProxy */ = {
			isa = PBXContainerItemProxy;
			containerPortal = B0CDF5B9240657A3001367D0 /* SDWebImage.xcodeproj */;
			proxyType = 2;
			remoteGlobalIDString = 80B6DFEE2142B71600BCB334;
			remoteInfo = SDWebImageMapKit;
		};
		ECCCCB2D1E7A40D10073D923 /* PBXContainerItemProxy */ = {
			isa = PBXContainerItemProxy;
			containerPortal = ECCCCB101E7A40D00073D923 /* Project object */;
			proxyType = 1;
			remoteGlobalIDString = ECCCCB171E7A40D00073D923;
			remoteInfo = MVVM;
		};
/* End PBXContainerItemProxy section */

/* Begin PBXCopyFilesBuildPhase section */
		EC01052F1E8F895300CE013D /* Embed Frameworks */ = {
			isa = PBXCopyFilesBuildPhase;
			buildActionMask = 2147483647;
			dstPath = "";
			dstSubfolderSpec = 10;
			files = (
			);
			name = "Embed Frameworks";
			runOnlyForDeploymentPostprocessing = 0;
		};
/* End PBXCopyFilesBuildPhase section */

/* Begin PBXFileReference section */
		0B1CAE12BFD16ACB405EADB3 /* Pods-MyApp-MyAppTests.release.xcconfig */ = {isa = PBXFileReference; includeInIndex = 1; lastKnownFileType = text.xcconfig; name = "Pods-MyApp-MyAppTests.release.xcconfig"; path = "Pods/Target Support Files/Pods-MyApp-MyAppTests/Pods-MyApp-MyAppTests.release.xcconfig"; sourceTree = "<group>"; };
		2471FFF2396065422C1E00E8 /* Pods-MyApp.staging.xcconfig */ = {isa = PBXFileReference; includeInIndex = 1; lastKnownFileType = text.xcconfig; name = "Pods-MyApp.staging.xcconfig"; path = "Pods/Target Support Files/Pods-MyApp/Pods-MyApp.staging.xcconfig"; sourceTree = "<group>"; };
		3934B2D542E2F17D926ED64E /* Pods-MyApp-MyAppTests.staging.xcconfig */ = {isa = PBXFileReference; includeInIndex = 1; lastKnownFileType = text.xcconfig; name = "Pods-MyApp-MyAppTests.staging.xcconfig"; path = "Pods/Target Support Files/Pods-MyApp-MyAppTests/Pods-MyApp-MyAppTests.staging.xcconfig"; sourceTree = "<group>"; };
		47FCF93A9948D710C06CECAF /* Pods-MyApp.release.xcconfig */ = {isa = PBXFileReference; includeInIndex = 1; lastKnownFileType = text.xcconfig; name = "Pods-MyApp.release.xcconfig"; path = "Pods/Target Support Files/Pods-MyApp/Pods-MyApp.release.xcconfig"; sourceTree = "<group>"; };
		48F8D478234569385F88AC15 /* Pods-MyApp.debug.xcconfig */ = {isa = PBXFileReference; includeInIndex = 1; lastKnownFileType = text.xcconfig; name = "Pods-MyApp.debug.xcconfig"; path = "Pods/Target Support Files/Pods-MyApp/Pods-MyApp.debug.xcconfig"; sourceTree = "<group>"; };
		7E8000CCB9AE328B83764288 /* Pods_MyApp.framework */ = {isa = PBXFileReference; explicitFileType = wrapper.framework; includeInIndex = 0; path = Pods_MyApp.framework; sourceTree = BUILT_PRODUCTS_DIR; };
		B0012F8D24079F5200540518 /* FoodListViewController.swift */ = {isa = PBXFileReference; fileEncoding = 4; lastKnownFileType = sourcecode.swift; path = FoodListViewController.swift; sourceTree = "<group>"; };
		B0012F8E24079F5200540518 /* FoodListViewController.xib */ = {isa = PBXFileReference; fileEncoding = 4; lastKnownFileType = file.xib; path = FoodListViewController.xib; sourceTree = "<group>"; };
		B0012F8F24079F5200540518 /* FoodListViewModel.swift */ = {isa = PBXFileReference; fileEncoding = 4; lastKnownFileType = sourcecode.swift; path = FoodListViewModel.swift; sourceTree = "<group>"; };
		B0012F9324079F7100540518 /* FoodListService.swift */ = {isa = PBXFileReference; fileEncoding = 4; lastKnownFileType = sourcecode.swift; path = FoodListService.swift; sourceTree = "<group>"; };
		B00DD3252404CE5B00714A10 /* FoodDetailViewController.swift */ = {isa = PBXFileReference; lastKnownFileType = sourcecode.swift; path = FoodDetailViewController.swift; sourceTree = "<group>"; };
		B00DD3262404CE5B00714A10 /* FoodDetailViewController.xib */ = {isa = PBXFileReference; lastKnownFileType = file.xib; path = FoodDetailViewController.xib; sourceTree = "<group>"; };
		B04695F2240760650050958F /* HomeService.swift */ = {isa = PBXFileReference; fileEncoding = 4; lastKnownFileType = sourcecode.swift; path = HomeService.swift; sourceTree = "<group>"; };
		B04695F3240760650050958F /* CountryDetailService.swift */ = {isa = PBXFileReference; fileEncoding = 4; lastKnownFileType = sourcecode.swift; path = CountryDetailService.swift; sourceTree = "<group>"; };
		B04695F7240760950050958F /* Country.swift */ = {isa = PBXFileReference; fileEncoding = 4; lastKnownFileType = sourcecode.swift; path = Country.swift; sourceTree = "<group>"; };
		B04695F8240760950050958F /* Networking.swift */ = {isa = PBXFileReference; fileEncoding = 4; lastKnownFileType = sourcecode.swift; path = Networking.swift; sourceTree = "<group>"; };
		B04695F9240760950050958F /* Category.swift */ = {isa = PBXFileReference; fileEncoding = 4; lastKnownFileType = sourcecode.swift; path = Category.swift; sourceTree = "<group>"; };
		B04695FA240760950050958F /* Food.swift */ = {isa = PBXFileReference; fileEncoding = 4; lastKnownFileType = sourcecode.swift; path = Food.swift; sourceTree = "<group>"; };
		B04695FF240760C90050958F /* NSErrorExt.swift */ = {isa = PBXFileReference; fileEncoding = 4; lastKnownFileType = sourcecode.swift; path = NSErrorExt.swift; sourceTree = "<group>"; };
		B0469600240760C90050958F /* NSDataExt.swift */ = {isa = PBXFileReference; fileEncoding = 4; lastKnownFileType = sourcecode.swift; path = NSDataExt.swift; sourceTree = "<group>"; };
		B0469601240760C90050958F /* StringExt.swift */ = {isa = PBXFileReference; fileEncoding = 4; lastKnownFileType = sourcecode.swift; path = StringExt.swift; sourceTree = "<group>"; };
		B0469602240760C90050958F /* DictionaryExt.swift */ = {isa = PBXFileReference; fileEncoding = 4; lastKnownFileType = sourcecode.swift; path = DictionaryExt.swift; sourceTree = "<group>"; };
		B0469603240760CA0050958F /* URLExt.swift */ = {isa = PBXFileReference; fileEncoding = 4; lastKnownFileType = sourcecode.swift; path = URLExt.swift; sourceTree = "<group>"; };
		B0469604240760CA0050958F /* Data.Ext.swift */ = {isa = PBXFileReference; fileEncoding = 4; lastKnownFileType = sourcecode.swift; path = Data.Ext.swift; sourceTree = "<group>"; };
		B0469605240760CC0050958F /* UIViewControllerExt.swift */ = {isa = PBXFileReference; fileEncoding = 4; lastKnownFileType = sourcecode.swift; path = UIViewControllerExt.swift; sourceTree = "<group>"; };
		B0469606240760CC0050958F /* InputViewExt.swift */ = {isa = PBXFileReference; fileEncoding = 4; lastKnownFileType = sourcecode.swift; path = InputViewExt.swift; sourceTree = "<group>"; };
		B046960F240760EB0050958F /* CustomCollectionCellViewModel.swift */ = {isa = PBXFileReference; fileEncoding = 4; lastKnownFileType = sourcecode.swift; path = CustomCollectionCellViewModel.swift; sourceTree = "<group>"; };
		B0469610240760EB0050958F /* CustomCollectionViewCell.xib */ = {isa = PBXFileReference; fileEncoding = 4; lastKnownFileType = file.xib; path = CustomCollectionViewCell.xib; sourceTree = "<group>"; };
		B0469611240760EB0050958F /* CustomCollectionViewCell.swift */ = {isa = PBXFileReference; fileEncoding = 4; lastKnownFileType = sourcecode.swift; path = CustomCollectionViewCell.swift; sourceTree = "<group>"; };
		B0469615240761000050958F /* CountryDetailViewModel.swift */ = {isa = PBXFileReference; fileEncoding = 4; lastKnownFileType = sourcecode.swift; path = CountryDetailViewModel.swift; sourceTree = "<group>"; };
		B0469616240761010050958F /* CountryDetailViewController.xib */ = {isa = PBXFileReference; fileEncoding = 4; lastKnownFileType = file.xib; path = CountryDetailViewController.xib; sourceTree = "<group>"; };
		B0469617240761010050958F /* CountryDetailViewController.swift */ = {isa = PBXFileReference; fileEncoding = 4; lastKnownFileType = sourcecode.swift; path = CountryDetailViewController.swift; sourceTree = "<group>"; };
		B046961B2407611F0050958F /* HomeViewController.xib */ = {isa = PBXFileReference; fileEncoding = 4; lastKnownFileType = file.xib; path = HomeViewController.xib; sourceTree = "<group>"; };
		B046961C2407611F0050958F /* HomeViewModel .swift */ = {isa = PBXFileReference; fileEncoding = 4; lastKnownFileType = sourcecode.swift; path = "HomeViewModel .swift"; sourceTree = "<group>"; };
		B046961D2407611F0050958F /* HomeViewController.swift */ = {isa = PBXFileReference; fileEncoding = 4; lastKnownFileType = sourcecode.swift; path = HomeViewController.swift; sourceTree = "<group>"; };
		B046961E2407611F0050958F /* CountryCollectionView.swift */ = {isa = PBXFileReference; fileEncoding = 4; lastKnownFileType = sourcecode.swift; path = CountryCollectionView.swift; sourceTree = "<group>"; };
		B0469623240761250050958F /* CategoryCollectionView.swift */ = {isa = PBXFileReference; fileEncoding = 4; lastKnownFileType = sourcecode.swift; path = CategoryCollectionView.swift; sourceTree = "<group>"; };
		B0469627240761500050958F /* CountryCollectionViewCell.swift */ = {isa = PBXFileReference; fileEncoding = 4; lastKnownFileType = sourcecode.swift; path = CountryCollectionViewCell.swift; sourceTree = "<group>"; };
		B0469628240761500050958F /* CountryCollectionCellViewModel.swift */ = {isa = PBXFileReference; fileEncoding = 4; lastKnownFileType = sourcecode.swift; path = CountryCollectionCellViewModel.swift; sourceTree = "<group>"; };
		B0469629240761500050958F /* CountryCollectionViewCell.xib */ = {isa = PBXFileReference; fileEncoding = 4; lastKnownFileType = file.xib; path = CountryCollectionViewCell.xib; sourceTree = "<group>"; };
		B046962D240761580050958F /* CategoryCollectionCellViewModel.swift */ = {isa = PBXFileReference; fileEncoding = 4; lastKnownFileType = sourcecode.swift; path = CategoryCollectionCellViewModel.swift; sourceTree = "<group>"; };
		B046962E240761580050958F /* CategoryCollectionViewCell.xib */ = {isa = PBXFileReference; fileEncoding = 4; lastKnownFileType = file.xib; path = CategoryCollectionViewCell.xib; sourceTree = "<group>"; };
		B046962F240761580050958F /* CategoryCollectionViewCell.swift */ = {isa = PBXFileReference; fileEncoding = 4; lastKnownFileType = sourcecode.swift; path = CategoryCollectionViewCell.swift; sourceTree = "<group>"; };
		B0B5902223FBD30200EEE1AC /* Assets.xcassets */ = {isa = PBXFileReference; lastKnownFileType = folder.assetcatalog; path = Assets.xcassets; sourceTree = "<group>"; };
		B0B5902423FBD32200EEE1AC /* TabBarController.swift */ = {isa = PBXFileReference; fileEncoding = 4; lastKnownFileType = sourcecode.swift; path = TabBarController.swift; sourceTree = "<group>"; };
		B0B5902523FBD32200EEE1AC /* NavigationController.swift */ = {isa = PBXFileReference; fileEncoding = 4; lastKnownFileType = sourcecode.swift; path = NavigationController.swift; sourceTree = "<group>"; };
		B0B5902B23FBD35600EEE1AC /* FavoriteViewController.swift */ = {isa = PBXFileReference; fileEncoding = 4; lastKnownFileType = sourcecode.swift; path = FavoriteViewController.swift; sourceTree = "<group>"; };
		B0B5902C23FBD35600EEE1AC /* FavoriteViewController.xib */ = {isa = PBXFileReference; fileEncoding = 4; lastKnownFileType = file.xib; path = FavoriteViewController.xib; sourceTree = "<group>"; };
		B0B5902F23FBD3A900EEE1AC /* SearchViewController.xib */ = {isa = PBXFileReference; fileEncoding = 4; lastKnownFileType = file.xib; path = SearchViewController.xib; sourceTree = "<group>"; };
		B0B5903023FBD3A900EEE1AC /* SearchViewController.swift */ = {isa = PBXFileReference; fileEncoding = 4; lastKnownFileType = sourcecode.swift; path = SearchViewController.swift; sourceTree = "<group>"; };
		B0CDF5B9240657A3001367D0 /* SDWebImage.xcodeproj */ = {isa = PBXFileReference; lastKnownFileType = "wrapper.pb-project"; name = SDWebImage.xcodeproj; path = "../../Downloads/SDWebImage-master 3/SDWebImage.xcodeproj"; sourceTree = "<group>"; };
		B0CDF5C6240657C5001367D0 /* SDWebImageMapKit.h */ = {isa = PBXFileReference; lastKnownFileType = sourcecode.c.h; name = SDWebImageMapKit.h; path = "../../Downloads/SDWebImage-master 3/WebImage/SDWebImageMapKit.h"; sourceTree = "<group>"; };
		EC0105421E8F8ADF00CE013D /* Info.plist */ = {isa = PBXFileReference; fileEncoding = 4; lastKnownFileType = text.plist.xml; path = Info.plist; sourceTree = "<group>"; };
		EC0105441E8F8ADF00CE013D /* AppDelegate.swift */ = {isa = PBXFileReference; fileEncoding = 4; lastKnownFileType = sourcecode.swift; path = AppDelegate.swift; sourceTree = "<group>"; };
		EC01055C1E8F8AF000CE013D /* Info.plist */ = {isa = PBXFileReference; fileEncoding = 4; lastKnownFileType = text.plist.xml; path = Info.plist; sourceTree = "<group>"; };
		EC2C488C1EAF011C00B22F4B /* Utils.swift */ = {isa = PBXFileReference; fileEncoding = 4; lastKnownFileType = sourcecode.swift; path = Utils.swift; sourceTree = "<group>"; };
		EC332A471EA0A8CB0011DF1E /* Api.swift */ = {isa = PBXFileReference; fileEncoding = 4; lastKnownFileType = sourcecode.swift; path = Api.swift; sourceTree = "<group>"; };
		EC5337B41EF7845700ACE038 /* Color.swift */ = {isa = PBXFileReference; fileEncoding = 4; lastKnownFileType = sourcecode.swift; path = Color.swift; sourceTree = "<group>"; };
		EC5337B61EF78CD800ACE038 /* App.swift */ = {isa = PBXFileReference; fileEncoding = 4; lastKnownFileType = sourcecode.swift; path = App.swift; sourceTree = "<group>"; };
		EC5337BB1EF78E4D00ACE038 /* Base */ = {isa = PBXFileReference; lastKnownFileType = text.plist.strings; name = Base; path = Base.lproj/Localizable.strings; sourceTree = "<group>"; };
		EC5337BD1EF78FEA00ACE038 /* Font.swift */ = {isa = PBXFileReference; fileEncoding = 4; lastKnownFileType = sourcecode.swift; path = Font.swift; sourceTree = "<group>"; };
		EC5337C01EF7939C00ACE038 /* TableCell.swift */ = {isa = PBXFileReference; fileEncoding = 4; lastKnownFileType = sourcecode.swift; path = TableCell.swift; sourceTree = "<group>"; };
		EC5337C21EF793B100ACE038 /* CollectionCell.swift */ = {isa = PBXFileReference; fileEncoding = 4; lastKnownFileType = sourcecode.swift; path = CollectionCell.swift; sourceTree = "<group>"; };
		ECC3B1C41EC17044001345C6 /* StringTests.swift */ = {isa = PBXFileReference; fileEncoding = 4; lastKnownFileType = sourcecode.swift; path = StringTests.swift; sourceTree = "<group>"; };
		ECC3B1C81EC1A2EA001345C6 /* URLTests.swift */ = {isa = PBXFileReference; fileEncoding = 4; lastKnownFileType = sourcecode.swift; path = URLTests.swift; sourceTree = "<group>"; };
		ECC3B1CA1EC1B196001345C6 /* DictionayTests.swift */ = {isa = PBXFileReference; fileEncoding = 4; lastKnownFileType = sourcecode.swift; path = DictionayTests.swift; sourceTree = "<group>"; };
		ECC5B2CA1EF90495001A97BC /* Button.swift */ = {isa = PBXFileReference; fileEncoding = 4; lastKnownFileType = sourcecode.swift; path = Button.swift; sourceTree = "<group>"; };
		ECC5B2CC1EF906CA001A97BC /* ViewController.swift */ = {isa = PBXFileReference; fileEncoding = 4; lastKnownFileType = sourcecode.swift; path = ViewController.swift; sourceTree = "<group>"; };
		ECCCCB181E7A40D00073D923 /* MyApp.app */ = {isa = PBXFileReference; explicitFileType = wrapper.application; includeInIndex = 0; path = MyApp.app; sourceTree = BUILT_PRODUCTS_DIR; };
		ECCCCB2C1E7A40D10073D923 /* MyAppTests.xctest */ = {isa = PBXFileReference; explicitFileType = wrapper.cfbundle; includeInIndex = 0; path = MyAppTests.xctest; sourceTree = BUILT_PRODUCTS_DIR; };
		ECEC0C571ED44C5D00F6760A /* String.swift */ = {isa = PBXFileReference; fileEncoding = 4; lastKnownFileType = sourcecode.swift; path = String.swift; sourceTree = "<group>"; };
		ECF23AB11E9B869B008C23C1 /* ApiManager.swift */ = {isa = PBXFileReference; fileEncoding = 4; lastKnownFileType = sourcecode.swift; path = ApiManager.swift; sourceTree = "<group>"; };
		ECF23ABD1E9B8A6A008C23C1 /* Error.swift */ = {isa = PBXFileReference; fileEncoding = 4; lastKnownFileType = sourcecode.swift; path = Error.swift; sourceTree = "<group>"; };
		F1C6352B1EF141F300D0A1A0 /* LaunchScreen.storyboard */ = {isa = PBXFileReference; fileEncoding = 4; lastKnownFileType = file.storyboard; path = LaunchScreen.storyboard; sourceTree = "<group>"; };
		F49F1AB05FCB88523C52A0ED /* Pods_MyApp_MyAppTests.framework */ = {isa = PBXFileReference; explicitFileType = wrapper.framework; includeInIndex = 0; path = Pods_MyApp_MyAppTests.framework; sourceTree = BUILT_PRODUCTS_DIR; };
		F537DDCF239794BF00638CB4 /* URL.swift */ = {isa = PBXFileReference; lastKnownFileType = sourcecode.swift; path = URL.swift; sourceTree = "<group>"; };
		FA33ABB555FDDC9158D68749 /* Pods-MyApp-MyAppTests.debug.xcconfig */ = {isa = PBXFileReference; includeInIndex = 1; lastKnownFileType = text.xcconfig; name = "Pods-MyApp-MyAppTests.debug.xcconfig"; path = "Pods/Target Support Files/Pods-MyApp-MyAppTests/Pods-MyApp-MyAppTests.debug.xcconfig"; sourceTree = "<group>"; };
/* End PBXFileReference section */

/* Begin PBXFrameworksBuildPhase section */
		ECCCCB151E7A40D00073D923 /* Frameworks */ = {
			isa = PBXFrameworksBuildPhase;
			buildActionMask = 2147483647;
			files = (
				6C392FC5AF0C61509011C30D /* Pods_MyApp.framework in Frameworks */,
				B0CDF5C7240657C5001367D0 /* SDWebImageMapKit.h in Frameworks */,
			);
			runOnlyForDeploymentPostprocessing = 0;
		};
		ECCCCB291E7A40D10073D923 /* Frameworks */ = {
			isa = PBXFrameworksBuildPhase;
			buildActionMask = 2147483647;
			files = (
				D028ADD12AA8716ECB14FFD9 /* Pods_MyApp_MyAppTests.framework in Frameworks */,
			);
			runOnlyForDeploymentPostprocessing = 0;
		};
/* End PBXFrameworksBuildPhase section */

/* Begin PBXGroup section */
		60B550C083ADD72F4D2D53AA /* Pods */ = {
			isa = PBXGroup;
			children = (
				48F8D478234569385F88AC15 /* Pods-MyApp.debug.xcconfig */,
				47FCF93A9948D710C06CECAF /* Pods-MyApp.release.xcconfig */,
				2471FFF2396065422C1E00E8 /* Pods-MyApp.staging.xcconfig */,
				FA33ABB555FDDC9158D68749 /* Pods-MyApp-MyAppTests.debug.xcconfig */,
				0B1CAE12BFD16ACB405EADB3 /* Pods-MyApp-MyAppTests.release.xcconfig */,
				3934B2D542E2F17D926ED64E /* Pods-MyApp-MyAppTests.staging.xcconfig */,
			);
			name = Pods;
			sourceTree = "<group>";
		};
		B0012F8824079F3F00540518 /* Food List */ = {
			isa = PBXGroup;
			children = (
				B0012F8D24079F5200540518 /* FoodListViewController.swift */,
				B0012F8E24079F5200540518 /* FoodListViewController.xib */,
				B0012F8F24079F5200540518 /* FoodListViewModel.swift */,
			);
			path = "Food List";
			sourceTree = "<group>";
		};
		B00DD3162404BDD200714A10 /* Cell */ = {
			isa = PBXGroup;
			children = (
				B0469611240760EB0050958F /* CustomCollectionViewCell.swift */,
				B0469610240760EB0050958F /* CustomCollectionViewCell.xib */,
				B046960F240760EB0050958F /* CustomCollectionCellViewModel.swift */,
			);
			path = Cell;
			sourceTree = "<group>";
		};
		B00DD3242404CE4200714A10 /* Detail */ = {
			isa = PBXGroup;
			children = (
				B00DD3252404CE5B00714A10 /* FoodDetailViewController.swift */,
				B00DD3262404CE5B00714A10 /* FoodDetailViewController.xib */,
			);
			path = Detail;
			sourceTree = "<group>";
		};
		B025526623FE648100D118C0 /* Country Detail */ = {
			isa = PBXGroup;
			children = (
				B0469617240761010050958F /* CountryDetailViewController.swift */,
				B0469616240761010050958F /* CountryDetailViewController.xib */,
				B0469615240761000050958F /* CountryDetailViewModel.swift */,
			);
			path = "Country Detail";
			sourceTree = "<group>";
		};
		B04696252407612C0050958F /* Category Cell */ = {
			isa = PBXGroup;
			children = (
				B046962F240761580050958F /* CategoryCollectionViewCell.swift */,
				B046962E240761580050958F /* CategoryCollectionViewCell.xib */,
				B046962D240761580050958F /* CategoryCollectionCellViewModel.swift */,
			);
			path = "Category Cell";
			sourceTree = "<group>";
		};
		B04696262407613A0050958F /* Country Cell */ = {
			isa = PBXGroup;
			children = (
				B0469627240761500050958F /* CountryCollectionViewCell.swift */,
				B0469629240761500050958F /* CountryCollectionViewCell.xib */,
				B0469628240761500050958F /* CountryCollectionCellViewModel.swift */,
			);
			path = "Country Cell";
			sourceTree = "<group>";
		};
		B0B5902823FBD34300EEE1AC /* Favorite */ = {
			isa = PBXGroup;
			children = (
				B0B5902B23FBD35600EEE1AC /* FavoriteViewController.swift */,
				B0B5902C23FBD35600EEE1AC /* FavoriteViewController.xib */,
			);
			path = Favorite;
			sourceTree = "<group>";
		};
		B0B5902923FBD34900EEE1AC /* Home */ = {
			isa = PBXGroup;
			children = (
				B046961D2407611F0050958F /* HomeViewController.swift */,
				B046961B2407611F0050958F /* HomeViewController.xib */,
				B046961C2407611F0050958F /* HomeViewModel .swift */,
				B0469623240761250050958F /* CategoryCollectionView.swift */,
				B046961E2407611F0050958F /* CountryCollectionView.swift */,
				B0B5903323FBD3E100EEE1AC /* Cell */,
			);
			path = Home;
			sourceTree = "<group>";
		};
		B0B5902A23FBD34E00EEE1AC /* Search */ = {
			isa = PBXGroup;
			children = (
				B0B5903023FBD3A900EEE1AC /* SearchViewController.swift */,
				B0B5902F23FBD3A900EEE1AC /* SearchViewController.xib */,
			);
			path = Search;
			sourceTree = "<group>";
		};
		B0B5903323FBD3E100EEE1AC /* Cell */ = {
			isa = PBXGroup;
			children = (
				B04696262407613A0050958F /* Country Cell */,
				B04696252407612C0050958F /* Category Cell */,
			);
			path = Cell;
			sourceTree = "<group>";
		};
		B0C560B7240608B90019693F /* Module */ = {
			isa = PBXGroup;
			children = (
				B04695F3240760650050958F /* CountryDetailService.swift */,
				B04695F2240760650050958F /* HomeService.swift */,
				B0012F9324079F7100540518 /* FoodListService.swift */,
			);
			path = Module;
			sourceTree = "<group>";
		};
		B0CDF5BA240657A3001367D0 /* Products */ = {
			isa = PBXGroup;
			children = (
				B0CDF5C1240657A3001367D0 /* libSDWebImage.a */,
				B0CDF5C3240657A3001367D0 /* SDWebImage.framework */,
				B0CDF5C5240657A3001367D0 /* SDWebImageMapKit.framework */,
			);
			name = Products;
			sourceTree = "<group>";
		};
		E7A23BB3FDC7E19F0663DF69 /* Frameworks */ = {
			isa = PBXGroup;
			children = (
				B0CDF5C6240657C5001367D0 /* SDWebImageMapKit.h */,
				B0CDF5B9240657A3001367D0 /* SDWebImage.xcodeproj */,
				7E8000CCB9AE328B83764288 /* Pods_MyApp.framework */,
				F49F1AB05FCB88523C52A0ED /* Pods_MyApp_MyAppTests.framework */,
			);
			name = Frameworks;
			sourceTree = "<group>";
		};
		EC0105381E8F8ADF00CE013D /* MyApp */ = {
			isa = PBXGroup;
			children = (
				EC0105441E8F8ADF00CE013D /* AppDelegate.swift */,
				EC01053D1E8F8ADF00CE013D /* Define */,
				EC0105431E8F8ADF00CE013D /* View */,
				ECF23A951E9B8503008C23C1 /* Model */,
				ECF23AC01E9B9253008C23C1 /* Library */,
				EC01053F1E8F8ADF00CE013D /* Resources */,
				EC0105411E8F8ADF00CE013D /* Supports */,
			);
			path = MyApp;
			sourceTree = "<group>";
		};
		EC01053D1E8F8ADF00CE013D /* Define */ = {
			isa = PBXGroup;
			children = (
				EC5337B61EF78CD800ACE038 /* App.swift */,
				ECEC0C571ED44C5D00F6760A /* String.swift */,
				EC5337B41EF7845700ACE038 /* Color.swift */,
				EC5337BD1EF78FEA00ACE038 /* Font.swift */,
			);
			path = Define;
			sourceTree = "<group>";
		};
		EC01053F1E8F8ADF00CE013D /* Resources */ = {
			isa = PBXGroup;
			children = (
				B0B5902223FBD30200EEE1AC /* Assets.xcassets */,
				EC5337BC1EF78E4D00ACE038 /* Localizable.strings */,
			);
			path = Resources;
			sourceTree = "<group>";
		};
		EC0105411E8F8ADF00CE013D /* Supports */ = {
			isa = PBXGroup;
			children = (
				EC0105421E8F8ADF00CE013D /* Info.plist */,
			);
			path = Supports;
			sourceTree = "<group>";
		};
		EC0105431E8F8ADF00CE013D /* View */ = {
			isa = PBXGroup;
			children = (
				B0012F8824079F3F00540518 /* Food List */,
				B00DD3242404CE4200714A10 /* Detail */,
				B00DD3162404BDD200714A10 /* Cell */,
				B025526623FE648100D118C0 /* Country Detail */,
				B0B5902A23FBD34E00EEE1AC /* Search */,
				B0B5902923FBD34900EEE1AC /* Home */,
				B0B5902823FBD34300EEE1AC /* Favorite */,
				EC5337BF1EF7933A00ACE038 /* Base */,
				F1C6352A1EF141F300D0A1A0 /* Storyboard */,
			);
			path = View;
			sourceTree = "<group>";
		};
		EC01055B1E8F8AF000CE013D /* MyAppTests */ = {
			isa = PBXGroup;
			children = (
				EC01055C1E8F8AF000CE013D /* Info.plist */,
				EC2C488C1EAF011C00B22F4B /* Utils.swift */,
				ECC3B1C21EC17044001345C6 /* Library */,
				ECC3B1B51EC1701A001345C6 /* View */,
				ECC3B1BB1EC17025001345C6 /* ViewModel */,
			);
			path = MyAppTests;
			sourceTree = "<group>";
		};
		EC5337BF1EF7933A00ACE038 /* Base */ = {
			isa = PBXGroup;
			children = (
				EC5337C01EF7939C00ACE038 /* TableCell.swift */,
				EC5337C21EF793B100ACE038 /* CollectionCell.swift */,
				ECC5B2CA1EF90495001A97BC /* Button.swift */,
				ECC5B2CC1EF906CA001A97BC /* ViewController.swift */,
				B0B5902523FBD32200EEE1AC /* NavigationController.swift */,
				B0B5902423FBD32200EEE1AC /* TabBarController.swift */,
			);
			path = Base;
			sourceTree = "<group>";
		};
		ECC3B1B51EC1701A001345C6 /* View */ = {
			isa = PBXGroup;
			children = (
			);
			path = View;
			sourceTree = "<group>";
		};
		ECC3B1BB1EC17025001345C6 /* ViewModel */ = {
			isa = PBXGroup;
			children = (
			);
			path = ViewModel;
			sourceTree = "<group>";
		};
		ECC3B1C21EC17044001345C6 /* Library */ = {
			isa = PBXGroup;
			children = (
				ECC3B1C31EC17044001345C6 /* Ext */,
			);
			path = Library;
			sourceTree = "<group>";
		};
		ECC3B1C31EC17044001345C6 /* Ext */ = {
			isa = PBXGroup;
			children = (
				ECC3B1CA1EC1B196001345C6 /* DictionayTests.swift */,
				ECC3B1C81EC1A2EA001345C6 /* URLTests.swift */,
				ECC3B1C41EC17044001345C6 /* StringTests.swift */,
			);
			path = Ext;
			sourceTree = "<group>";
		};
		ECCCCB0F1E7A40D00073D923 = {
			isa = PBXGroup;
			children = (
				EC0105381E8F8ADF00CE013D /* MyApp */,
				EC01055B1E8F8AF000CE013D /* MyAppTests */,
				ECCCCB191E7A40D00073D923 /* Products */,
				60B550C083ADD72F4D2D53AA /* Pods */,
				E7A23BB3FDC7E19F0663DF69 /* Frameworks */,
			);
			sourceTree = "<group>";
		};
		ECCCCB191E7A40D00073D923 /* Products */ = {
			isa = PBXGroup;
			children = (
				ECCCCB181E7A40D00073D923 /* MyApp.app */,
				ECCCCB2C1E7A40D10073D923 /* MyAppTests.xctest */,
			);
			name = Products;
			sourceTree = "<group>";
		};
		ECF23A951E9B8503008C23C1 /* Model */ = {
			isa = PBXGroup;
			children = (
				ECF23AAF1E9B869B008C23C1 /* API */,
				ECF23AA31E9B8586008C23C1 /* Schema */,
			);
			path = Model;
			sourceTree = "<group>";
		};
		ECF23AA31E9B8586008C23C1 /* Schema */ = {
			isa = PBXGroup;
			children = (
				B04695F9240760950050958F /* Category.swift */,
				B04695F7240760950050958F /* Country.swift */,
				B04695FA240760950050958F /* Food.swift */,
				B04695F8240760950050958F /* Networking.swift */,
			);
			path = Schema;
			sourceTree = "<group>";
		};
		ECF23AAF1E9B869B008C23C1 /* API */ = {
			isa = PBXGroup;
			children = (
				B0C560B7240608B90019693F /* Module */,
				ECF23AB01E9B869B008C23C1 /* Core */,
			);
			path = API;
			sourceTree = "<group>";
		};
		ECF23AB01E9B869B008C23C1 /* Core */ = {
			isa = PBXGroup;
			children = (
				EC332A471EA0A8CB0011DF1E /* Api.swift */,
				ECF23AB11E9B869B008C23C1 /* ApiManager.swift */,
				ECF23ABD1E9B8A6A008C23C1 /* Error.swift */,
				F537DDCF239794BF00638CB4 /* URL.swift */,
			);
			path = Core;
			sourceTree = "<group>";
		};
		ECF23AC01E9B9253008C23C1 /* Library */ = {
			isa = PBXGroup;
			children = (
				ECF23AC11E9B9253008C23C1 /* Ext */,
			);
			path = Library;
			sourceTree = "<group>";
		};
		ECF23AC11E9B9253008C23C1 /* Ext */ = {
			isa = PBXGroup;
			children = (
				B0469604240760CA0050958F /* Data.Ext.swift */,
				B0469602240760C90050958F /* DictionaryExt.swift */,
				B0469606240760CC0050958F /* InputViewExt.swift */,
				B0469600240760C90050958F /* NSDataExt.swift */,
				B04695FF240760C90050958F /* NSErrorExt.swift */,
				B0469601240760C90050958F /* StringExt.swift */,
				B0469605240760CC0050958F /* UIViewControllerExt.swift */,
				B0469603240760CA0050958F /* URLExt.swift */,
			);
			path = Ext;
			sourceTree = "<group>";
		};
		F1C6352A1EF141F300D0A1A0 /* Storyboard */ = {
			isa = PBXGroup;
			children = (
				F1C6352B1EF141F300D0A1A0 /* LaunchScreen.storyboard */,
			);
			path = Storyboard;
			sourceTree = "<group>";
		};
/* End PBXGroup section */

/* Begin PBXNativeTarget section */
		ECCCCB171E7A40D00073D923 /* MyApp */ = {
			isa = PBXNativeTarget;
			buildConfigurationList = ECCCCB351E7A40D10073D923 /* Build configuration list for PBXNativeTarget "MyApp" */;
			buildPhases = (
				B0E09827A261C794A6F031AA /* [CP] Check Pods Manifest.lock */,
				EC8C6FF51ECAF27D00C52F7A /* SwiftLint */,
				ECCCCB141E7A40D00073D923 /* Sources */,
				ECCCCB151E7A40D00073D923 /* Frameworks */,
				ECCCCB161E7A40D00073D923 /* Resources */,
				E23D44304C718C6164C90A36 /* [CP] Embed Pods Frameworks */,
				EC01052F1E8F895300CE013D /* Embed Frameworks */,
			);
			buildRules = (
			);
			dependencies = (
			);
			name = MyApp;
			productName = MVVM;
			productReference = ECCCCB181E7A40D00073D923 /* MyApp.app */;
			productType = "com.apple.product-type.application";
		};
		ECCCCB2B1E7A40D10073D923 /* MyAppTests */ = {
			isa = PBXNativeTarget;
			buildConfigurationList = ECCCCB381E7A40D10073D923 /* Build configuration list for PBXNativeTarget "MyAppTests" */;
			buildPhases = (
				BB48CAD8894F6F7352250348 /* [CP] Check Pods Manifest.lock */,
				ECCCCB281E7A40D10073D923 /* Sources */,
				ECCCCB291E7A40D10073D923 /* Frameworks */,
				ECCCCB2A1E7A40D10073D923 /* Resources */,
				C5336427CD995EA5A795B11C /* [CP] Embed Pods Frameworks */,
			);
			buildRules = (
			);
			dependencies = (
				ECCCCB2E1E7A40D10073D923 /* PBXTargetDependency */,
			);
			name = MyAppTests;
			productName = MVVMTests;
			productReference = ECCCCB2C1E7A40D10073D923 /* MyAppTests.xctest */;
			productType = "com.apple.product-type.bundle.unit-test";
		};
/* End PBXNativeTarget section */

/* Begin PBXProject section */
		ECCCCB101E7A40D00073D923 /* Project object */ = {
			isa = PBXProject;
			attributes = {
				LastSwiftUpdateCheck = 0820;
				LastUpgradeCheck = 1120;
				ORGANIZATIONNAME = "Asian Tech Co., Ltd.";
				TargetAttributes = {
					ECCCCB171E7A40D00073D923 = {
						CreatedOnToolsVersion = 8.2;
						ProvisioningStyle = Manual;
					};
					ECCCCB2B1E7A40D10073D923 = {
						CreatedOnToolsVersion = 8.2;
						ProvisioningStyle = Automatic;
						TestTargetID = ECCCCB171E7A40D00073D923;
					};
				};
			};
			buildConfigurationList = ECCCCB131E7A40D00073D923 /* Build configuration list for PBXProject "MyApp" */;
			compatibilityVersion = "Xcode 3.2";
			developmentRegion = English;
			hasScannedForEncodings = 0;
			knownRegions = (
				English,
				en,
				Base,
			);
			mainGroup = ECCCCB0F1E7A40D00073D923;
			productRefGroup = ECCCCB191E7A40D00073D923 /* Products */;
			projectDirPath = "";
			projectReferences = (
				{
					ProductGroup = B0CDF5BA240657A3001367D0 /* Products */;
					ProjectRef = B0CDF5B9240657A3001367D0 /* SDWebImage.xcodeproj */;
				},
			);
			projectRoot = "";
			targets = (
				ECCCCB171E7A40D00073D923 /* MyApp */,
				ECCCCB2B1E7A40D10073D923 /* MyAppTests */,
			);
		};
/* End PBXProject section */

/* Begin PBXReferenceProxy section */
		B0CDF5C1240657A3001367D0 /* libSDWebImage.a */ = {
			isa = PBXReferenceProxy;
			fileType = archive.ar;
			path = libSDWebImage.a;
			remoteRef = B0CDF5C0240657A3001367D0 /* PBXContainerItemProxy */;
			sourceTree = BUILT_PRODUCTS_DIR;
		};
		B0CDF5C3240657A3001367D0 /* SDWebImage.framework */ = {
			isa = PBXReferenceProxy;
			fileType = wrapper.framework;
			path = SDWebImage.framework;
			remoteRef = B0CDF5C2240657A3001367D0 /* PBXContainerItemProxy */;
			sourceTree = BUILT_PRODUCTS_DIR;
		};
		B0CDF5C5240657A3001367D0 /* SDWebImageMapKit.framework */ = {
			isa = PBXReferenceProxy;
			fileType = wrapper.framework;
			path = SDWebImageMapKit.framework;
			remoteRef = B0CDF5C4240657A3001367D0 /* PBXContainerItemProxy */;
			sourceTree = BUILT_PRODUCTS_DIR;
		};
/* End PBXReferenceProxy section */

/* Begin PBXResourcesBuildPhase section */
		ECCCCB161E7A40D00073D923 /* Resources */ = {
			isa = PBXResourcesBuildPhase;
			buildActionMask = 2147483647;
			files = (
				EC5337BA1EF78E4D00ACE038 /* Localizable.strings in Resources */,
				B00DD3282404CE5B00714A10 /* FoodDetailViewController.xib in Resources */,
				B0B5902323FBD30200EEE1AC /* Assets.xcassets in Resources */,
				B0B5902E23FBD35600EEE1AC /* FavoriteViewController.xib in Resources */,
				B0469619240761020050958F /* CountryDetailViewController.xib in Resources */,
				B0B5903123FBD3A900EEE1AC /* SearchViewController.xib in Resources */,
				F1C6352C1EF141F300D0A1A0 /* LaunchScreen.storyboard in Resources */,
				B0469613240760EB0050958F /* CustomCollectionViewCell.xib in Resources */,
				B046961F2407611F0050958F /* HomeViewController.xib in Resources */,
				B0469631240761580050958F /* CategoryCollectionViewCell.xib in Resources */,
				B0012F9124079F5200540518 /* FoodListViewController.xib in Resources */,
				B046962C240761500050958F /* CountryCollectionViewCell.xib in Resources */,
			);
			runOnlyForDeploymentPostprocessing = 0;
		};
		ECCCCB2A1E7A40D10073D923 /* Resources */ = {
			isa = PBXResourcesBuildPhase;
			buildActionMask = 2147483647;
			files = (
			);
			runOnlyForDeploymentPostprocessing = 0;
		};
/* End PBXResourcesBuildPhase section */

/* Begin PBXShellScriptBuildPhase section */
		B0E09827A261C794A6F031AA /* [CP] Check Pods Manifest.lock */ = {
			isa = PBXShellScriptBuildPhase;
			buildActionMask = 2147483647;
			files = (
			);
			inputPaths = (
				"${PODS_PODFILE_DIR_PATH}/Podfile.lock",
				"${PODS_ROOT}/Manifest.lock",
			);
			name = "[CP] Check Pods Manifest.lock";
			outputPaths = (
				"$(DERIVED_FILE_DIR)/Pods-MyApp-checkManifestLockResult.txt",
			);
			runOnlyForDeploymentPostprocessing = 0;
			shellPath = /bin/sh;
			shellScript = "diff \"${PODS_PODFILE_DIR_PATH}/Podfile.lock\" \"${PODS_ROOT}/Manifest.lock\" > /dev/null\nif [ $? != 0 ] ; then\n    # print error to STDERR\n    echo \"error: The sandbox is not in sync with the Podfile.lock. Run 'pod install' or update your CocoaPods installation.\" >&2\n    exit 1\nfi\n# This output is used by Xcode 'outputs' to avoid re-running this script phase.\necho \"SUCCESS\" > \"${SCRIPT_OUTPUT_FILE_0}\"\n";
			showEnvVarsInLog = 0;
		};
		BB48CAD8894F6F7352250348 /* [CP] Check Pods Manifest.lock */ = {
			isa = PBXShellScriptBuildPhase;
			buildActionMask = 2147483647;
			files = (
			);
			inputPaths = (
				"${PODS_PODFILE_DIR_PATH}/Podfile.lock",
				"${PODS_ROOT}/Manifest.lock",
			);
			name = "[CP] Check Pods Manifest.lock";
			outputPaths = (
				"$(DERIVED_FILE_DIR)/Pods-MyApp-MyAppTests-checkManifestLockResult.txt",
			);
			runOnlyForDeploymentPostprocessing = 0;
			shellPath = /bin/sh;
			shellScript = "diff \"${PODS_PODFILE_DIR_PATH}/Podfile.lock\" \"${PODS_ROOT}/Manifest.lock\" > /dev/null\nif [ $? != 0 ] ; then\n    # print error to STDERR\n    echo \"error: The sandbox is not in sync with the Podfile.lock. Run 'pod install' or update your CocoaPods installation.\" >&2\n    exit 1\nfi\n# This output is used by Xcode 'outputs' to avoid re-running this script phase.\necho \"SUCCESS\" > \"${SCRIPT_OUTPUT_FILE_0}\"\n";
			showEnvVarsInLog = 0;
		};
		C5336427CD995EA5A795B11C /* [CP] Embed Pods Frameworks */ = {
			isa = PBXShellScriptBuildPhase;
			buildActionMask = 2147483647;
			files = (
			);
			inputPaths = (
				"${PODS_ROOT}/Target Support Files/Pods-MyApp-MyAppTests/Pods-MyApp-MyAppTests-frameworks.sh",
				"${BUILT_PRODUCTS_DIR}/MVVM-Swift/MVVM.framework",
				"${BUILT_PRODUCTS_DIR}/ObjectMapper/ObjectMapper.framework",
				"${BUILT_PRODUCTS_DIR}/SDWebImage/SDWebImage.framework",
				"${BUILT_PRODUCTS_DIR}/libwebp/libwebp.framework",
			);
			name = "[CP] Embed Pods Frameworks";
			outputPaths = (
				"${TARGET_BUILD_DIR}/${FRAMEWORKS_FOLDER_PATH}/MVVM.framework",
				"${TARGET_BUILD_DIR}/${FRAMEWORKS_FOLDER_PATH}/ObjectMapper.framework",
				"${TARGET_BUILD_DIR}/${FRAMEWORKS_FOLDER_PATH}/SDWebImage.framework",
				"${TARGET_BUILD_DIR}/${FRAMEWORKS_FOLDER_PATH}/libwebp.framework",
			);
			runOnlyForDeploymentPostprocessing = 0;
			shellPath = /bin/sh;
			shellScript = "\"${PODS_ROOT}/Target Support Files/Pods-MyApp-MyAppTests/Pods-MyApp-MyAppTests-frameworks.sh\"\n";
			showEnvVarsInLog = 0;
		};
		E23D44304C718C6164C90A36 /* [CP] Embed Pods Frameworks */ = {
			isa = PBXShellScriptBuildPhase;
			buildActionMask = 2147483647;
			files = (
			);
			inputPaths = (
				"${PODS_ROOT}/Target Support Files/Pods-MyApp/Pods-MyApp-frameworks.sh",
				"${BUILT_PRODUCTS_DIR}/MVVM-Swift/MVVM.framework",
				"${BUILT_PRODUCTS_DIR}/ObjectMapper/ObjectMapper.framework",
				"${BUILT_PRODUCTS_DIR}/SDWebImage/SDWebImage.framework",
				"${BUILT_PRODUCTS_DIR}/libwebp/libwebp.framework",
			);
			name = "[CP] Embed Pods Frameworks";
			outputPaths = (
				"${TARGET_BUILD_DIR}/${FRAMEWORKS_FOLDER_PATH}/MVVM.framework",
				"${TARGET_BUILD_DIR}/${FRAMEWORKS_FOLDER_PATH}/ObjectMapper.framework",
				"${TARGET_BUILD_DIR}/${FRAMEWORKS_FOLDER_PATH}/SDWebImage.framework",
				"${TARGET_BUILD_DIR}/${FRAMEWORKS_FOLDER_PATH}/libwebp.framework",
			);
			runOnlyForDeploymentPostprocessing = 0;
			shellPath = /bin/sh;
			shellScript = "\"${PODS_ROOT}/Target Support Files/Pods-MyApp/Pods-MyApp-frameworks.sh\"\n";
			showEnvVarsInLog = 0;
		};
		EC8C6FF51ECAF27D00C52F7A /* SwiftLint */ = {
			isa = PBXShellScriptBuildPhase;
			buildActionMask = 2147483647;
			files = (
			);
			inputPaths = (
			);
			name = SwiftLint;
			outputPaths = (
			);
			runOnlyForDeploymentPostprocessing = 0;
			shellPath = /bin/sh;
			shellScript = "
";
		};
/* End PBXShellScriptBuildPhase section */

/* Begin PBXSourcesBuildPhase section */
		ECCCCB141E7A40D00073D923 /* Sources */ = {
			isa = PBXSourcesBuildPhase;
			buildActionMask = 2147483647;
			files = (
				B0469608240760CC0050958F /* NSDataExt.swift in Sources */,
				B0469614240760EB0050958F /* CustomCollectionViewCell.swift in Sources */,
				B0469609240760CC0050958F /* StringExt.swift in Sources */,
				B04695F6240760650050958F /* CountryDetailService.swift in Sources */,
				B04695FB240760950050958F /* Country.swift in Sources */,
				B0469624240761250050958F /* CategoryCollectionView.swift in Sources */,
				B0012F9024079F5200540518 /* FoodListViewController.swift in Sources */,
				B046960C240760CC0050958F /* Data.Ext.swift in Sources */,
				B04696202407611F0050958F /* HomeViewModel .swift in Sources */,
				B046960A240760CC0050958F /* DictionaryExt.swift in Sources */,
				EC5337C11EF7939C00ACE038 /* TableCell.swift in Sources */,
				B0B5902723FBD32200EEE1AC /* NavigationController.swift in Sources */,
				EC5337B71EF78CD800ACE038 /* App.swift in Sources */,
				B0B5902623FBD32200EEE1AC /* TabBarController.swift in Sources */,
				ECC5B2CD1EF906CA001A97BC /* ViewController.swift in Sources */,
				B046960E240760CC0050958F /* InputViewExt.swift in Sources */,
				B0B5903223FBD3A900EEE1AC /* SearchViewController.swift in Sources */,
				B04696212407611F0050958F /* HomeViewController.swift in Sources */,
				EC5337C31EF793B100ACE038 /* CollectionCell.swift in Sources */,
				ECC5B2CB1EF90495001A97BC /* Button.swift in Sources */,
				B046960D240760CC0050958F /* UIViewControllerExt.swift in Sources */,
				EC0105541E8F8AE000CE013D /* AppDelegate.swift in Sources */,
				F537DDD0239794BF00638CB4 /* URL.swift in Sources */,
				EC332A481EA0A8CB0011DF1E /* Api.swift in Sources */,
				B046962B240761500050958F /* CountryCollectionCellViewModel.swift in Sources */,
				B0B5902D23FBD35600EEE1AC /* FavoriteViewController.swift in Sources */,
				B0469630240761580050958F /* CategoryCollectionCellViewModel.swift in Sources */,
				B04695FC240760950050958F /* Networking.swift in Sources */,
				B0469612240760EB0050958F /* CustomCollectionCellViewModel.swift in Sources */,
				B00DD3272404CE5B00714A10 /* FoodDetailViewController.swift in Sources */,
				B0012F9224079F5200540518 /* FoodListViewModel.swift in Sources */,
				ECF23AB41E9B869B008C23C1 /* ApiManager.swift in Sources */,
				B0469632240761580050958F /* CategoryCollectionViewCell.swift in Sources */,
				B046961A240761020050958F /* CountryDetailViewController.swift in Sources */,
				B04695FE240760950050958F /* Food.swift in Sources */,
				ECEC0C581ED44C5D00F6760A /* String.swift in Sources */,
				B0012F9424079F7100540518 /* FoodListService.swift in Sources */,
				B0469607240760CC0050958F /* NSErrorExt.swift in Sources */,
				B04695F5240760650050958F /* HomeService.swift in Sources */,
				B04696222407611F0050958F /* CountryCollectionView.swift in Sources */,
				EC5337BE1EF78FEA00ACE038 /* Font.swift in Sources */,
				B0469618240761020050958F /* CountryDetailViewModel.swift in Sources */,
				B046962A240761500050958F /* CountryCollectionViewCell.swift in Sources */,
				ECF23ABE1E9B8A6A008C23C1 /* Error.swift in Sources */,
				EC5337B51EF7845700ACE038 /* Color.swift in Sources */,
				B046960B240760CC0050958F /* URLExt.swift in Sources */,
				B04695FD240760950050958F /* Category.swift in Sources */,
			);
			runOnlyForDeploymentPostprocessing = 0;
		};
		ECCCCB281E7A40D10073D923 /* Sources */ = {
			isa = PBXSourcesBuildPhase;
			buildActionMask = 2147483647;
			files = (
				ECC3B1C51EC17044001345C6 /* StringTests.swift in Sources */,
				ECC3B1CB1EC1B196001345C6 /* DictionayTests.swift in Sources */,
				ECC3B1C91EC1A2EA001345C6 /* URLTests.swift in Sources */,
				EC2C488D1EAF011C00B22F4B /* Utils.swift in Sources */,
			);
			runOnlyForDeploymentPostprocessing = 0;
		};
/* End PBXSourcesBuildPhase section */

/* Begin PBXTargetDependency section */
		ECCCCB2E1E7A40D10073D923 /* PBXTargetDependency */ = {
			isa = PBXTargetDependency;
			target = ECCCCB171E7A40D00073D923 /* MyApp */;
			targetProxy = ECCCCB2D1E7A40D10073D923 /* PBXContainerItemProxy */;
		};
/* End PBXTargetDependency section */

/* Begin PBXVariantGroup section */
		EC5337BC1EF78E4D00ACE038 /* Localizable.strings */ = {
			isa = PBXVariantGroup;
			children = (
				EC5337BB1EF78E4D00ACE038 /* Base */,
			);
			name = Localizable.strings;
			sourceTree = "<group>";
		};
/* End PBXVariantGroup section */

/* Begin XCBuildConfiguration section */
		ECCCCB331E7A40D10073D923 /* Debug */ = {
			isa = XCBuildConfiguration;
			buildSettings = {
				ALWAYS_SEARCH_USER_PATHS = NO;
				CLANG_ANALYZER_LOCALIZABILITY_NONLOCALIZED = YES;
				CLANG_ANALYZER_NONNULL = YES;
				CLANG_CXX_LANGUAGE_STANDARD = "gnu++0x";
				CLANG_CXX_LIBRARY = "libc++";
				CLANG_ENABLE_MODULES = YES;
				CLANG_ENABLE_OBJC_ARC = YES;
				CLANG_WARN_BLOCK_CAPTURE_AUTORELEASING = YES;
				CLANG_WARN_BOOL_CONVERSION = YES;
				CLANG_WARN_COMMA = YES;
				CLANG_WARN_CONSTANT_CONVERSION = YES;
				CLANG_WARN_DEPRECATED_OBJC_IMPLEMENTATIONS = YES;
				CLANG_WARN_DIRECT_OBJC_ISA_USAGE = YES_ERROR;
				CLANG_WARN_DOCUMENTATION_COMMENTS = YES;
				CLANG_WARN_EMPTY_BODY = YES;
				CLANG_WARN_ENUM_CONVERSION = YES;
				CLANG_WARN_INFINITE_RECURSION = YES;
				CLANG_WARN_INT_CONVERSION = YES;
				CLANG_WARN_NON_LITERAL_NULL_CONVERSION = YES;
				CLANG_WARN_OBJC_IMPLICIT_RETAIN_SELF = YES;
				CLANG_WARN_OBJC_LITERAL_CONVERSION = YES;
				CLANG_WARN_OBJC_ROOT_CLASS = YES_ERROR;
				CLANG_WARN_RANGE_LOOP_ANALYSIS = YES;
				CLANG_WARN_STRICT_PROTOTYPES = YES;
				CLANG_WARN_SUSPICIOUS_MOVE = YES;
				CLANG_WARN_UNREACHABLE_CODE = YES;
				CLANG_WARN__DUPLICATE_METHOD_MATCH = YES;
				"CODE_SIGN_IDENTITY[sdk=iphoneos*]" = "iPhone Developer";
				COPY_PHASE_STRIP = NO;
				DEBUG_INFORMATION_FORMAT = dwarf;
				ENABLE_STRICT_OBJC_MSGSEND = YES;
				ENABLE_TESTABILITY = YES;
				GCC_C_LANGUAGE_STANDARD = gnu99;
				GCC_DYNAMIC_NO_PIC = NO;
				GCC_NO_COMMON_BLOCKS = YES;
				GCC_OPTIMIZATION_LEVEL = 0;
				GCC_PREPROCESSOR_DEFINITIONS = (
					"DEBUG=1",
					"$(inherited)",
				);
				GCC_WARN_64_TO_32_BIT_CONVERSION = YES;
				GCC_WARN_ABOUT_RETURN_TYPE = YES_ERROR;
				GCC_WARN_UNDECLARED_SELECTOR = YES;
				GCC_WARN_UNINITIALIZED_AUTOS = YES_AGGRESSIVE;
				GCC_WARN_UNUSED_FUNCTION = YES;
				GCC_WARN_UNUSED_VARIABLE = YES;
				IPHONEOS_DEPLOYMENT_TARGET = 9.0;
				MTL_ENABLE_DEBUG_INFO = YES;
				ONLY_ACTIVE_ARCH = YES;
				SDKROOT = iphoneos;
				SWIFT_ACTIVE_COMPILATION_CONDITIONS = DEBUG;
				SWIFT_OPTIMIZATION_LEVEL = "-Onone";
				SWIFT_VERSION = 5.0;
			};
			name = Debug;
		};
		ECCCCB341E7A40D10073D923 /* Release */ = {
			isa = XCBuildConfiguration;
			buildSettings = {
				ALWAYS_SEARCH_USER_PATHS = NO;
				CLANG_ANALYZER_LOCALIZABILITY_NONLOCALIZED = YES;
				CLANG_ANALYZER_NONNULL = YES;
				CLANG_CXX_LANGUAGE_STANDARD = "gnu++0x";
				CLANG_CXX_LIBRARY = "libc++";
				CLANG_ENABLE_MODULES = YES;
				CLANG_ENABLE_OBJC_ARC = YES;
				CLANG_WARN_BLOCK_CAPTURE_AUTORELEASING = YES;
				CLANG_WARN_BOOL_CONVERSION = YES;
				CLANG_WARN_COMMA = YES;
				CLANG_WARN_CONSTANT_CONVERSION = YES;
				CLANG_WARN_DEPRECATED_OBJC_IMPLEMENTATIONS = YES;
				CLANG_WARN_DIRECT_OBJC_ISA_USAGE = YES_ERROR;
				CLANG_WARN_DOCUMENTATION_COMMENTS = YES;
				CLANG_WARN_EMPTY_BODY = YES;
				CLANG_WARN_ENUM_CONVERSION = YES;
				CLANG_WARN_INFINITE_RECURSION = YES;
				CLANG_WARN_INT_CONVERSION = YES;
				CLANG_WARN_NON_LITERAL_NULL_CONVERSION = YES;
				CLANG_WARN_OBJC_IMPLICIT_RETAIN_SELF = YES;
				CLANG_WARN_OBJC_LITERAL_CONVERSION = YES;
				CLANG_WARN_OBJC_ROOT_CLASS = YES_ERROR;
				CLANG_WARN_RANGE_LOOP_ANALYSIS = YES;
				CLANG_WARN_STRICT_PROTOTYPES = YES;
				CLANG_WARN_SUSPICIOUS_MOVE = YES;
				CLANG_WARN_UNREACHABLE_CODE = YES;
				CLANG_WARN__DUPLICATE_METHOD_MATCH = YES;
				"CODE_SIGN_IDENTITY[sdk=iphoneos*]" = "iPhone Developer";
				COPY_PHASE_STRIP = NO;
				DEBUG_INFORMATION_FORMAT = "dwarf-with-dsym";
				ENABLE_NS_ASSERTIONS = NO;
				ENABLE_STRICT_OBJC_MSGSEND = YES;
				GCC_C_LANGUAGE_STANDARD = gnu99;
				GCC_NO_COMMON_BLOCKS = YES;
				GCC_PREPROCESSOR_DEFINITIONS = "";
				GCC_WARN_64_TO_32_BIT_CONVERSION = YES;
				GCC_WARN_ABOUT_RETURN_TYPE = YES_ERROR;
				GCC_WARN_UNDECLARED_SELECTOR = YES;
				GCC_WARN_UNINITIALIZED_AUTOS = YES_AGGRESSIVE;
				GCC_WARN_UNUSED_FUNCTION = YES;
				GCC_WARN_UNUSED_VARIABLE = YES;
				IPHONEOS_DEPLOYMENT_TARGET = 9.0;
				MTL_ENABLE_DEBUG_INFO = NO;
				SDKROOT = iphoneos;
				SWIFT_OPTIMIZATION_LEVEL = "-Owholemodule";
				SWIFT_VERSION = 5.0;
				VALIDATE_PRODUCT = YES;
			};
			name = Release;
		};
		ECCCCB361E7A40D10073D923 /* Debug */ = {
			isa = XCBuildConfiguration;
			baseConfigurationReference = 48F8D478234569385F88AC15 /* Pods-MyApp.debug.xcconfig */;
			buildSettings = {
				ASSETCATALOG_COMPILER_APPICON_NAME = AppIcon;
				CODE_SIGN_STYLE = Manual;
				DEVELOPMENT_TEAM = "";
				FRAMEWORK_SEARCH_PATHS = "$(inherited)";
				INFOPLIST_FILE = "$(SRCROOT)/MyApp/Supports/Info.plist";
				IPHONEOS_DEPLOYMENT_TARGET = 9.0;
				LD_RUNPATH_SEARCH_PATHS = "$(inherited) @executable_path/Frameworks";
				PRODUCT_BUNDLE_IDENTIFIER = vn.asiantech.dev.mvvm.demo;
				PRODUCT_NAME = "$(TARGET_NAME)";
				PROVISIONING_PROFILE_SPECIFIER = "";
				SWIFT_VERSION = 5.0;
			};
			name = Debug;
		};
		ECCCCB371E7A40D10073D923 /* Release */ = {
			isa = XCBuildConfiguration;
			baseConfigurationReference = 47FCF93A9948D710C06CECAF /* Pods-MyApp.release.xcconfig */;
			buildSettings = {
				ASSETCATALOG_COMPILER_APPICON_NAME = AppIcon;
				CODE_SIGN_STYLE = Manual;
				DEVELOPMENT_TEAM = "";
				FRAMEWORK_SEARCH_PATHS = "$(inherited)";
				INFOPLIST_FILE = "$(SRCROOT)/MyApp/Supports/Info.plist";
				IPHONEOS_DEPLOYMENT_TARGET = 9.0;
				LD_RUNPATH_SEARCH_PATHS = "$(inherited) @executable_path/Frameworks";
				PRODUCT_BUNDLE_IDENTIFIER = vn.asiantech.dev.mvvm.demo;
				PRODUCT_NAME = "$(TARGET_NAME)";
				PROVISIONING_PROFILE_SPECIFIER = "";
				SWIFT_VERSION = 5.0;
			};
			name = Release;
		};
		ECCCCB391E7A40D10073D923 /* Debug */ = {
			isa = XCBuildConfiguration;
			baseConfigurationReference = FA33ABB555FDDC9158D68749 /* Pods-MyApp-MyAppTests.debug.xcconfig */;
			buildSettings = {
				ALWAYS_EMBED_SWIFT_STANDARD_LIBRARIES = "${inherited}";
				BUNDLE_LOADER = "$(TEST_HOST)";
				INFOPLIST_FILE = MyAppTests/Info.plist;
				LD_RUNPATH_SEARCH_PATHS = "$(inherited) @executable_path/Frameworks @loader_path/Frameworks";
				PRODUCT_BUNDLE_IDENTIFIER = vn.asiantech.dev.mvvm.tests;
				PRODUCT_NAME = "$(TARGET_NAME)";
				SWIFT_VERSION = 5.0;
				TEST_HOST = "$(BUILT_PRODUCTS_DIR)/MyApp.app/MyApp";
			};
			name = Debug;
		};
		ECCCCB3A1E7A40D10073D923 /* Release */ = {
			isa = XCBuildConfiguration;
			baseConfigurationReference = 0B1CAE12BFD16ACB405EADB3 /* Pods-MyApp-MyAppTests.release.xcconfig */;
			buildSettings = {
				ALWAYS_EMBED_SWIFT_STANDARD_LIBRARIES = "${inherited}";
				BUNDLE_LOADER = "$(TEST_HOST)";
				INFOPLIST_FILE = MyAppTests/Info.plist;
				LD_RUNPATH_SEARCH_PATHS = "$(inherited) @executable_path/Frameworks @loader_path/Frameworks";
				PRODUCT_BUNDLE_IDENTIFIER = vn.asiantech.dev.mvvm.tests;
				PRODUCT_NAME = "$(TARGET_NAME)";
				SWIFT_VERSION = 5.0;
				TEST_HOST = "$(BUILT_PRODUCTS_DIR)/MyApp.app/MyApp";
			};
			name = Release;
		};
		ECE876851EA9B979005DD06D /* Staging */ = {
			isa = XCBuildConfiguration;
			buildSettings = {
				ALWAYS_SEARCH_USER_PATHS = NO;
				CLANG_ANALYZER_LOCALIZABILITY_NONLOCALIZED = YES;
				CLANG_ANALYZER_NONNULL = YES;
				CLANG_CXX_LANGUAGE_STANDARD = "gnu++0x";
				CLANG_CXX_LIBRARY = "libc++";
				CLANG_ENABLE_MODULES = YES;
				CLANG_ENABLE_OBJC_ARC = YES;
				CLANG_WARN_BLOCK_CAPTURE_AUTORELEASING = YES;
				CLANG_WARN_BOOL_CONVERSION = YES;
				CLANG_WARN_COMMA = YES;
				CLANG_WARN_CONSTANT_CONVERSION = YES;
				CLANG_WARN_DEPRECATED_OBJC_IMPLEMENTATIONS = YES;
				CLANG_WARN_DIRECT_OBJC_ISA_USAGE = YES_ERROR;
				CLANG_WARN_DOCUMENTATION_COMMENTS = YES;
				CLANG_WARN_EMPTY_BODY = YES;
				CLANG_WARN_ENUM_CONVERSION = YES;
				CLANG_WARN_INFINITE_RECURSION = YES;
				CLANG_WARN_INT_CONVERSION = YES;
				CLANG_WARN_NON_LITERAL_NULL_CONVERSION = YES;
				CLANG_WARN_OBJC_IMPLICIT_RETAIN_SELF = YES;
				CLANG_WARN_OBJC_LITERAL_CONVERSION = YES;
				CLANG_WARN_OBJC_ROOT_CLASS = YES_ERROR;
				CLANG_WARN_RANGE_LOOP_ANALYSIS = YES;
				CLANG_WARN_STRICT_PROTOTYPES = YES;
				CLANG_WARN_SUSPICIOUS_MOVE = YES;
				CLANG_WARN_UNREACHABLE_CODE = YES;
				CLANG_WARN__DUPLICATE_METHOD_MATCH = YES;
				"CODE_SIGN_IDENTITY[sdk=iphoneos*]" = "iPhone Developer";
				COPY_PHASE_STRIP = NO;
				DEBUG_INFORMATION_FORMAT = "dwarf-with-dsym";
				ENABLE_NS_ASSERTIONS = NO;
				ENABLE_STRICT_OBJC_MSGSEND = YES;
				GCC_C_LANGUAGE_STANDARD = gnu99;
				GCC_NO_COMMON_BLOCKS = YES;
				GCC_PREPROCESSOR_DEFINITIONS = "STG=1";
				GCC_WARN_64_TO_32_BIT_CONVERSION = YES;
				GCC_WARN_ABOUT_RETURN_TYPE = YES_ERROR;
				GCC_WARN_UNDECLARED_SELECTOR = YES;
				GCC_WARN_UNINITIALIZED_AUTOS = YES_AGGRESSIVE;
				GCC_WARN_UNUSED_FUNCTION = YES;
				GCC_WARN_UNUSED_VARIABLE = YES;
				IPHONEOS_DEPLOYMENT_TARGET = 9.0;
				MTL_ENABLE_DEBUG_INFO = NO;
				SDKROOT = iphoneos;
				SWIFT_ACTIVE_COMPILATION_CONDITIONS = STG;
				SWIFT_OPTIMIZATION_LEVEL = "-Owholemodule";
				SWIFT_VERSION = 5.0;
				VALIDATE_PRODUCT = YES;
			};
			name = Staging;
		};
		ECE876861EA9B979005DD06D /* Staging */ = {
			isa = XCBuildConfiguration;
			baseConfigurationReference = 2471FFF2396065422C1E00E8 /* Pods-MyApp.staging.xcconfig */;
			buildSettings = {
				ASSETCATALOG_COMPILER_APPICON_NAME = AppIcon;
				CODE_SIGN_STYLE = Manual;
				DEVELOPMENT_TEAM = "";
				FRAMEWORK_SEARCH_PATHS = "$(inherited)";
				INFOPLIST_FILE = "$(SRCROOT)/MyApp/Supports/Info.plist";
				IPHONEOS_DEPLOYMENT_TARGET = 9.0;
				LD_RUNPATH_SEARCH_PATHS = "$(inherited) @executable_path/Frameworks";
				PRODUCT_BUNDLE_IDENTIFIER = vn.asiantech.dev.mvvm.demo;
				PRODUCT_NAME = "$(TARGET_NAME)";
				PROVISIONING_PROFILE_SPECIFIER = "";
				SWIFT_VERSION = 5.0;
			};
			name = Staging;
		};
		ECE876871EA9B979005DD06D /* Staging */ = {
			isa = XCBuildConfiguration;
			baseConfigurationReference = 3934B2D542E2F17D926ED64E /* Pods-MyApp-MyAppTests.staging.xcconfig */;
			buildSettings = {
				ALWAYS_EMBED_SWIFT_STANDARD_LIBRARIES = "${inherited}";
				BUNDLE_LOADER = "$(TEST_HOST)";
				INFOPLIST_FILE = MyAppTests/Info.plist;
				LD_RUNPATH_SEARCH_PATHS = "$(inherited) @executable_path/Frameworks @loader_path/Frameworks";
				PRODUCT_BUNDLE_IDENTIFIER = vn.asiantech.dev.mvvm.tests;
				PRODUCT_NAME = "$(TARGET_NAME)";
				SWIFT_VERSION = 5.0;
				TEST_HOST = "$(BUILT_PRODUCTS_DIR)/MyApp.app/MyApp";
			};
			name = Staging;
		};
/* End XCBuildConfiguration section */

/* Begin XCConfigurationList section */
		ECCCCB131E7A40D00073D923 /* Build configuration list for PBXProject "MyApp" */ = {
			isa = XCConfigurationList;
			buildConfigurations = (
				ECCCCB331E7A40D10073D923 /* Debug */,
				ECCCCB341E7A40D10073D923 /* Release */,
				ECE876851EA9B979005DD06D /* Staging */,
			);
			defaultConfigurationIsVisible = 0;
			defaultConfigurationName = Release;
		};
		ECCCCB351E7A40D10073D923 /* Build configuration list for PBXNativeTarget "MyApp" */ = {
			isa = XCConfigurationList;
			buildConfigurations = (
				ECCCCB361E7A40D10073D923 /* Debug */,
				ECCCCB371E7A40D10073D923 /* Release */,
				ECE876861EA9B979005DD06D /* Staging */,
			);
			defaultConfigurationIsVisible = 0;
			defaultConfigurationName = Release;
		};
		ECCCCB381E7A40D10073D923 /* Build configuration list for PBXNativeTarget "MyAppTests" */ = {
			isa = XCConfigurationList;
			buildConfigurations = (
				ECCCCB391E7A40D10073D923 /* Debug */,
				ECCCCB3A1E7A40D10073D923 /* Release */,
				ECE876871EA9B979005DD06D /* Staging */,
			);
			defaultConfigurationIsVisible = 0;
			defaultConfigurationName = Release;
		};
/* End XCConfigurationList section */
	};
	rootObject = ECCCCB101E7A40D00073D923 /* Project object */;
}
