// !$*UTF8*$!
{
	archiveVersion = 1;
	classes = {
	};
	objectVersion = 46;
	objects = {

/* Begin PBXBuildFile section */
		06F583B6AD3C2E8E3F73E321 /* Pods_MyApp.framework in Frameworks */ = {isa = PBXBuildFile; fileRef = 332A3DE5402BD070613BFC2A /* Pods_MyApp.framework */; };
		233419AD241167F9000FB224 /* Contents.json in Resources */ = {isa = PBXBuildFile; fileRef = 233419AC241167F9000FB224 /* Contents.json */; };
		233CBD13241D13C9009A6F67 /* IngredientsTableViewCell.swift in Sources */ = {isa = PBXBuildFile; fileRef = 233CBD11241D13C9009A6F67 /* IngredientsTableViewCell.swift */; };
		233CBD14241D13C9009A6F67 /* IngredientsTableViewCell.xib in Resources */ = {isa = PBXBuildFile; fileRef = 233CBD12241D13C9009A6F67 /* IngredientsTableViewCell.xib */; };
		233CBD16241D13D9009A6F67 /* IngredientsTableCellViewModel.swift in Sources */ = {isa = PBXBuildFile; fileRef = 233CBD15241D13D9009A6F67 /* IngredientsTableCellViewModel.swift */; };
		236181082406B6290023C175 /* Assets.xcassets in Resources */ = {isa = PBXBuildFile; fileRef = 236181072406B6290023C175 /* Assets.xcassets */; };
		2361810F2406B6530023C175 /* Button.swift in Sources */ = {isa = PBXBuildFile; fileRef = 236181092406B6520023C175 /* Button.swift */; };
		236181102406B6530023C175 /* NavigationController.swift in Sources */ = {isa = PBXBuildFile; fileRef = 2361810A2406B6520023C175 /* NavigationController.swift */; };
		236181112406B6530023C175 /* CollectionCell.swift in Sources */ = {isa = PBXBuildFile; fileRef = 2361810B2406B6520023C175 /* CollectionCell.swift */; };
		236181122406B6530023C175 /* TableCell.swift in Sources */ = {isa = PBXBuildFile; fileRef = 2361810C2406B6520023C175 /* TableCell.swift */; };
		236181132406B6530023C175 /* ViewController.swift in Sources */ = {isa = PBXBuildFile; fileRef = 2361810D2406B6530023C175 /* ViewController.swift */; };
		236181142406B6530023C175 /* TabBarController.swift in Sources */ = {isa = PBXBuildFile; fileRef = 2361810E2406B6530023C175 /* TabBarController.swift */; };
		23AFC5BA2407FAEE00A00A8C /* ImageIO.framework in Frameworks */ = {isa = PBXBuildFile; fileRef = 23AFC5B92407FAEE00A00A8C /* ImageIO.framework */; };
		23C590BF2411321F00E1A45F /* CustomCollectionViewCell.xib in Resources */ = {isa = PBXBuildFile; fileRef = 23C590BC2411321C00E1A45F /* CustomCollectionViewCell.xib */; };
		23C590C02411321F00E1A45F /* CustomCollectionViewCell.swift in Sources */ = {isa = PBXBuildFile; fileRef = 23C590BD2411321E00E1A45F /* CustomCollectionViewCell.swift */; };
		23C590C12411321F00E1A45F /* CustomCollectionCellViewModel.swift in Sources */ = {isa = PBXBuildFile; fileRef = 23C590BE2411321F00E1A45F /* CustomCollectionCellViewModel.swift */; };
		23C590CB2411325700E1A45F /* FavoriteTableViewCell.swift in Sources */ = {isa = PBXBuildFile; fileRef = 23C590C82411325700E1A45F /* FavoriteTableViewCell.swift */; };
		23C590CC2411325700E1A45F /* FavoriteTableCellViewModel.swift in Sources */ = {isa = PBXBuildFile; fileRef = 23C590C92411325700E1A45F /* FavoriteTableCellViewModel.swift */; };
		23C590CD2411325700E1A45F /* FavoriteTableViewCell.xib in Resources */ = {isa = PBXBuildFile; fileRef = 23C590CA2411325700E1A45F /* FavoriteTableViewCell.xib */; };
		23C590D12411326200E1A45F /* FavoriteViewModel.swift in Sources */ = {isa = PBXBuildFile; fileRef = 23C590CE2411326200E1A45F /* FavoriteViewModel.swift */; };
		23C590D22411326200E1A45F /* FavoriteViewController.xib in Resources */ = {isa = PBXBuildFile; fileRef = 23C590CF2411326200E1A45F /* FavoriteViewController.xib */; };
		23C590D32411326200E1A45F /* FavoriteViewController.swift in Sources */ = {isa = PBXBuildFile; fileRef = 23C590D02411326200E1A45F /* FavoriteViewController.swift */; };
		23C590D72411327B00E1A45F /* FoodDetailViewController.swift in Sources */ = {isa = PBXBuildFile; fileRef = 23C590D42411327B00E1A45F /* FoodDetailViewController.swift */; };
		23C590D82411327B00E1A45F /* FoodDetailViewController.xib in Resources */ = {isa = PBXBuildFile; fileRef = 23C590D52411327B00E1A45F /* FoodDetailViewController.xib */; };
		23C590D92411327B00E1A45F /* FoodDetailViewModel.swift in Sources */ = {isa = PBXBuildFile; fileRef = 23C590D62411327B00E1A45F /* FoodDetailViewModel.swift */; };
		23C590E3241132AF00E1A45F /* HomeViewModel .swift in Sources */ = {isa = PBXBuildFile; fileRef = 23C590E0241132AF00E1A45F /* HomeViewModel .swift */; };
		23C590E4241132AF00E1A45F /* HomeViewController.xib in Resources */ = {isa = PBXBuildFile; fileRef = 23C590E1241132AF00E1A45F /* HomeViewController.xib */; };
		23C590E5241132AF00E1A45F /* HomeViewController.swift in Sources */ = {isa = PBXBuildFile; fileRef = 23C590E2241132AF00E1A45F /* HomeViewController.swift */; };
		23C590E7241132BD00E1A45F /* CategoryCollectionView.swift in Sources */ = {isa = PBXBuildFile; fileRef = 23C590E6241132BD00E1A45F /* CategoryCollectionView.swift */; };
		23C590E9241132C400E1A45F /* CountryCollectionView.swift in Sources */ = {isa = PBXBuildFile; fileRef = 23C590E8241132C400E1A45F /* CountryCollectionView.swift */; };
		23C590ED241132E200E1A45F /* CountryCollectionCellViewModel.swift in Sources */ = {isa = PBXBuildFile; fileRef = 23C590EA241132E200E1A45F /* CountryCollectionCellViewModel.swift */; };
		23C590EE241132E200E1A45F /* CountryCollectionViewCell.swift in Sources */ = {isa = PBXBuildFile; fileRef = 23C590EB241132E200E1A45F /* CountryCollectionViewCell.swift */; };
		23C590EF241132E200E1A45F /* CountryCollectionViewCell.xib in Resources */ = {isa = PBXBuildFile; fileRef = 23C590EC241132E200E1A45F /* CountryCollectionViewCell.xib */; };
		23C590F3241132F200E1A45F /* CategoryCollectionViewCell.xib in Resources */ = {isa = PBXBuildFile; fileRef = 23C590F0241132F200E1A45F /* CategoryCollectionViewCell.xib */; };
		23C590F4241132F200E1A45F /* CategoryCollectionCellViewModel.swift in Sources */ = {isa = PBXBuildFile; fileRef = 23C590F1241132F200E1A45F /* CategoryCollectionCellViewModel.swift */; };
		23C590F5241132F200E1A45F /* CategoryCollectionViewCell.swift in Sources */ = {isa = PBXBuildFile; fileRef = 23C590F2241132F200E1A45F /* CategoryCollectionViewCell.swift */; };
		23C590F92411331000E1A45F /* SearchViewModel.swift in Sources */ = {isa = PBXBuildFile; fileRef = 23C590F62411331000E1A45F /* SearchViewModel.swift */; };
		23C590FA2411331000E1A45F /* SearchViewController.swift in Sources */ = {isa = PBXBuildFile; fileRef = 23C590F72411331000E1A45F /* SearchViewController.swift */; };
		23C590FB2411331000E1A45F /* SearchViewController.xib in Resources */ = {isa = PBXBuildFile; fileRef = 23C590F82411331000E1A45F /* SearchViewController.xib */; };
		23C590FF2411332100E1A45F /* SearchCollectionCellViewModel.swift in Sources */ = {isa = PBXBuildFile; fileRef = 23C590FC2411332000E1A45F /* SearchCollectionCellViewModel.swift */; };
		23C591002411332100E1A45F /* SearchCollectionViewCell.xib in Resources */ = {isa = PBXBuildFile; fileRef = 23C590FD2411332100E1A45F /* SearchCollectionViewCell.xib */; };
		23C591012411332100E1A45F /* SearchCollectionViewCell.swift in Sources */ = {isa = PBXBuildFile; fileRef = 23C590FE2411332100E1A45F /* SearchCollectionViewCell.swift */; };
		23C591072411334900E1A45F /* FoodListService.swift in Sources */ = {isa = PBXBuildFile; fileRef = 23C591022411334900E1A45F /* FoodListService.swift */; };
		23C591082411334900E1A45F /* FoodDetailService.swift in Sources */ = {isa = PBXBuildFile; fileRef = 23C591032411334900E1A45F /* FoodDetailService.swift */; };
		23C591092411334900E1A45F /* HomeService.swift in Sources */ = {isa = PBXBuildFile; fileRef = 23C591042411334900E1A45F /* HomeService.swift */; };
		23C5910A2411334900E1A45F /* SearchService.swift in Sources */ = {isa = PBXBuildFile; fileRef = 23C591052411334900E1A45F /* SearchService.swift */; };
		23C5910B2411334900E1A45F /* CountryDetailService.swift in Sources */ = {isa = PBXBuildFile; fileRef = 23C591062411334900E1A45F /* CountryDetailService.swift */; };
		23C591102411335C00E1A45F /* ApiManager.swift in Sources */ = {isa = PBXBuildFile; fileRef = 23C5910C2411335B00E1A45F /* ApiManager.swift */; };
		23C591112411335C00E1A45F /* Api.swift in Sources */ = {isa = PBXBuildFile; fileRef = 23C5910D2411335B00E1A45F /* Api.swift */; };
		23C591122411335C00E1A45F /* URL.swift in Sources */ = {isa = PBXBuildFile; fileRef = 23C5910E2411335C00E1A45F /* URL.swift */; };
		23C591132411335C00E1A45F /* Error.swift in Sources */ = {isa = PBXBuildFile; fileRef = 23C5910F2411335C00E1A45F /* Error.swift */; };
		23C591192411336E00E1A45F /* Category.swift in Sources */ = {isa = PBXBuildFile; fileRef = 23C591142411336D00E1A45F /* Category.swift */; };
		23C5911A2411336E00E1A45F /* Food.swift in Sources */ = {isa = PBXBuildFile; fileRef = 23C591152411336D00E1A45F /* Food.swift */; };
		23C5911B2411336E00E1A45F /* Networking.swift in Sources */ = {isa = PBXBuildFile; fileRef = 23C591162411336D00E1A45F /* Networking.swift */; };
		23C5911C2411336E00E1A45F /* FavoriteFood.swift in Sources */ = {isa = PBXBuildFile; fileRef = 23C591172411336D00E1A45F /* FavoriteFood.swift */; };
		23C5911D2411336E00E1A45F /* Country.swift in Sources */ = {isa = PBXBuildFile; fileRef = 23C591182411336E00E1A45F /* Country.swift */; };
		23C591272411338400E1A45F /* StringExt.swift in Sources */ = {isa = PBXBuildFile; fileRef = 23C5911E2411338200E1A45F /* StringExt.swift */; };
		23C591282411338400E1A45F /* Data.Ext.swift in Sources */ = {isa = PBXBuildFile; fileRef = 23C5911F2411338200E1A45F /* Data.Ext.swift */; };
		23C591292411338400E1A45F /* NSDataExt.swift in Sources */ = {isa = PBXBuildFile; fileRef = 23C591202411338300E1A45F /* NSDataExt.swift */; };
		23C5912A2411338400E1A45F /* DictionaryExt.swift in Sources */ = {isa = PBXBuildFile; fileRef = 23C591212411338300E1A45F /* DictionaryExt.swift */; };
		23C5912B2411338400E1A45F /* URLExt.swift in Sources */ = {isa = PBXBuildFile; fileRef = 23C591222411338300E1A45F /* URLExt.swift */; };
		23C5912C2411338400E1A45F /* RealmManager.swift in Sources */ = {isa = PBXBuildFile; fileRef = 23C591232411338300E1A45F /* RealmManager.swift */; };
		23C5912D2411338400E1A45F /* UIViewControllerExt.swift in Sources */ = {isa = PBXBuildFile; fileRef = 23C591242411338300E1A45F /* UIViewControllerExt.swift */; };
		23C5912E2411338400E1A45F /* InputViewExt.swift in Sources */ = {isa = PBXBuildFile; fileRef = 23C591252411338400E1A45F /* InputViewExt.swift */; };
		23C5912F2411338400E1A45F /* NSErrorExt.swift in Sources */ = {isa = PBXBuildFile; fileRef = 23C591262411338400E1A45F /* NSErrorExt.swift */; };
		23C5913324113F6900E1A45F /* CountryDetailViewModel.swift in Sources */ = {isa = PBXBuildFile; fileRef = 23C5913024113F6800E1A45F /* CountryDetailViewModel.swift */; };
		23C5913424113F6900E1A45F /* CountryDetailViewController.swift in Sources */ = {isa = PBXBuildFile; fileRef = 23C5913124113F6800E1A45F /* CountryDetailViewController.swift */; };
		23C5913524113F6900E1A45F /* CountryDetailViewController.xib in Resources */ = {isa = PBXBuildFile; fileRef = 23C5913224113F6900E1A45F /* CountryDetailViewController.xib */; };
		23C5913924113FA800E1A45F /* FoodListViewModel.swift in Sources */ = {isa = PBXBuildFile; fileRef = 23C5913624113FA700E1A45F /* FoodListViewModel.swift */; };
		23C5913A24113FA800E1A45F /* FoodListViewController.xib in Resources */ = {isa = PBXBuildFile; fileRef = 23C5913724113FA800E1A45F /* FoodListViewController.xib */; };
		23C5913B24113FA800E1A45F /* FoodListViewController.swift in Sources */ = {isa = PBXBuildFile; fileRef = 23C5913824113FA800E1A45F /* FoodListViewController.swift */; };
		EC0105541E8F8AE000CE013D /* AppDelegate.swift in Sources */ = {isa = PBXBuildFile; fileRef = EC0105441E8F8ADF00CE013D /* AppDelegate.swift */; };
		EC2C488D1EAF011C00B22F4B /* Utils.swift in Sources */ = {isa = PBXBuildFile; fileRef = EC2C488C1EAF011C00B22F4B /* Utils.swift */; };
		EC5337B51EF7845700ACE038 /* Color.swift in Sources */ = {isa = PBXBuildFile; fileRef = EC5337B41EF7845700ACE038 /* Color.swift */; };
		EC5337B71EF78CD800ACE038 /* App.swift in Sources */ = {isa = PBXBuildFile; fileRef = EC5337B61EF78CD800ACE038 /* App.swift */; };
		EC5337BA1EF78E4D00ACE038 /* Localizable.strings in Resources */ = {isa = PBXBuildFile; fileRef = EC5337BC1EF78E4D00ACE038 /* Localizable.strings */; };
		EC5337BE1EF78FEA00ACE038 /* Font.swift in Sources */ = {isa = PBXBuildFile; fileRef = EC5337BD1EF78FEA00ACE038 /* Font.swift */; };
		ECC3B1C51EC17044001345C6 /* StringTests.swift in Sources */ = {isa = PBXBuildFile; fileRef = ECC3B1C41EC17044001345C6 /* StringTests.swift */; };
		ECC3B1C91EC1A2EA001345C6 /* URLTests.swift in Sources */ = {isa = PBXBuildFile; fileRef = ECC3B1C81EC1A2EA001345C6 /* URLTests.swift */; };
		ECC3B1CB1EC1B196001345C6 /* DictionayTests.swift in Sources */ = {isa = PBXBuildFile; fileRef = ECC3B1CA1EC1B196001345C6 /* DictionayTests.swift */; };
		ECEC0C581ED44C5D00F6760A /* String.swift in Sources */ = {isa = PBXBuildFile; fileRef = ECEC0C571ED44C5D00F6760A /* String.swift */; };
		F1C6352C1EF141F300D0A1A0 /* LaunchScreen.storyboard in Resources */ = {isa = PBXBuildFile; fileRef = F1C6352B1EF141F300D0A1A0 /* LaunchScreen.storyboard */; };
/* End PBXBuildFile section */

/* Begin PBXContainerItemProxy section */
		ECCCCB2D1E7A40D10073D923 /* PBXContainerItemProxy */ = {
			isa = PBXContainerItemProxy;
			containerPortal = ECCCCB101E7A40D00073D923 /* Project object */;
			proxyType = 1;
			remoteGlobalIDString = ECCCCB171E7A40D00073D923;
			remoteInfo = MVVM;
		};
/* End PBXContainerItemProxy section */

/* Begin PBXCopyFilesBuildPhase section */
		EC01052F1E8F895300CE013D /* Embed Frameworks */ = {
			isa = PBXCopyFilesBuildPhase;
			buildActionMask = 2147483647;
			dstPath = "";
			dstSubfolderSpec = 10;
			files = (
			);
			name = "Embed Frameworks";
			runOnlyForDeploymentPostprocessing = 0;
		};
/* End PBXCopyFilesBuildPhase section */

/* Begin PBXFileReference section */
		233419AC241167F9000FB224 /* Contents.json */ = {isa = PBXFileReference; fileEncoding = 4; lastKnownFileType = text.json; path = Contents.json; sourceTree = "<group>"; };
		233CBD11241D13C9009A6F67 /* IngredientsTableViewCell.swift */ = {isa = PBXFileReference; lastKnownFileType = sourcecode.swift; path = IngredientsTableViewCell.swift; sourceTree = "<group>"; };
		233CBD12241D13C9009A6F67 /* IngredientsTableViewCell.xib */ = {isa = PBXFileReference; lastKnownFileType = file.xib; path = IngredientsTableViewCell.xib; sourceTree = "<group>"; };
		233CBD15241D13D9009A6F67 /* IngredientsTableCellViewModel.swift */ = {isa = PBXFileReference; lastKnownFileType = sourcecode.swift; path = IngredientsTableCellViewModel.swift; sourceTree = "<group>"; };
		236181072406B6290023C175 /* Assets.xcassets */ = {isa = PBXFileReference; lastKnownFileType = folder.assetcatalog; path = Assets.xcassets; sourceTree = "<group>"; };
		236181092406B6520023C175 /* Button.swift */ = {isa = PBXFileReference; fileEncoding = 4; lastKnownFileType = sourcecode.swift; path = Button.swift; sourceTree = "<group>"; };
		2361810A2406B6520023C175 /* NavigationController.swift */ = {isa = PBXFileReference; fileEncoding = 4; lastKnownFileType = sourcecode.swift; path = NavigationController.swift; sourceTree = "<group>"; };
		2361810B2406B6520023C175 /* CollectionCell.swift */ = {isa = PBXFileReference; fileEncoding = 4; lastKnownFileType = sourcecode.swift; path = CollectionCell.swift; sourceTree = "<group>"; };
		2361810C2406B6520023C175 /* TableCell.swift */ = {isa = PBXFileReference; fileEncoding = 4; lastKnownFileType = sourcecode.swift; path = TableCell.swift; sourceTree = "<group>"; };
		2361810D2406B6530023C175 /* ViewController.swift */ = {isa = PBXFileReference; fileEncoding = 4; lastKnownFileType = sourcecode.swift; path = ViewController.swift; sourceTree = "<group>"; };
		2361810E2406B6530023C175 /* TabBarController.swift */ = {isa = PBXFileReference; fileEncoding = 4; lastKnownFileType = sourcecode.swift; path = TabBarController.swift; sourceTree = "<group>"; };
		23AFC5B92407FAEE00A00A8C /* ImageIO.framework */ = {isa = PBXFileReference; lastKnownFileType = wrapper.framework; name = ImageIO.framework; path = System/Library/Frameworks/ImageIO.framework; sourceTree = SDKROOT; };
		23C590BC2411321C00E1A45F /* CustomCollectionViewCell.xib */ = {isa = PBXFileReference; fileEncoding = 4; lastKnownFileType = file.xib; path = CustomCollectionViewCell.xib; sourceTree = "<group>"; };
		23C590BD2411321E00E1A45F /* CustomCollectionViewCell.swift */ = {isa = PBXFileReference; fileEncoding = 4; lastKnownFileType = sourcecode.swift; path = CustomCollectionViewCell.swift; sourceTree = "<group>"; };
		23C590BE2411321F00E1A45F /* CustomCollectionCellViewModel.swift */ = {isa = PBXFileReference; fileEncoding = 4; lastKnownFileType = sourcecode.swift; path = CustomCollectionCellViewModel.swift; sourceTree = "<group>"; };
		23C590C82411325700E1A45F /* FavoriteTableViewCell.swift */ = {isa = PBXFileReference; fileEncoding = 4; lastKnownFileType = sourcecode.swift; path = FavoriteTableViewCell.swift; sourceTree = "<group>"; };
		23C590C92411325700E1A45F /* FavoriteTableCellViewModel.swift */ = {isa = PBXFileReference; fileEncoding = 4; lastKnownFileType = sourcecode.swift; path = FavoriteTableCellViewModel.swift; sourceTree = "<group>"; };
		23C590CA2411325700E1A45F /* FavoriteTableViewCell.xib */ = {isa = PBXFileReference; fileEncoding = 4; lastKnownFileType = file.xib; path = FavoriteTableViewCell.xib; sourceTree = "<group>"; };
		23C590CE2411326200E1A45F /* FavoriteViewModel.swift */ = {isa = PBXFileReference; fileEncoding = 4; lastKnownFileType = sourcecode.swift; path = FavoriteViewModel.swift; sourceTree = "<group>"; };
		23C590CF2411326200E1A45F /* FavoriteViewController.xib */ = {isa = PBXFileReference; fileEncoding = 4; lastKnownFileType = file.xib; path = FavoriteViewController.xib; sourceTree = "<group>"; };
		23C590D02411326200E1A45F /* FavoriteViewController.swift */ = {isa = PBXFileReference; fileEncoding = 4; lastKnownFileType = sourcecode.swift; path = FavoriteViewController.swift; sourceTree = "<group>"; };
		23C590D42411327B00E1A45F /* FoodDetailViewController.swift */ = {isa = PBXFileReference; fileEncoding = 4; lastKnownFileType = sourcecode.swift; path = FoodDetailViewController.swift; sourceTree = "<group>"; };
		23C590D52411327B00E1A45F /* FoodDetailViewController.xib */ = {isa = PBXFileReference; fileEncoding = 4; lastKnownFileType = file.xib; path = FoodDetailViewController.xib; sourceTree = "<group>"; };
		23C590D62411327B00E1A45F /* FoodDetailViewModel.swift */ = {isa = PBXFileReference; fileEncoding = 4; lastKnownFileType = sourcecode.swift; path = FoodDetailViewModel.swift; sourceTree = "<group>"; };
		23C590E0241132AF00E1A45F /* HomeViewModel .swift */ = {isa = PBXFileReference; fileEncoding = 4; lastKnownFileType = sourcecode.swift; path = "HomeViewModel .swift"; sourceTree = "<group>"; };
		23C590E1241132AF00E1A45F /* HomeViewController.xib */ = {isa = PBXFileReference; fileEncoding = 4; lastKnownFileType = file.xib; path = HomeViewController.xib; sourceTree = "<group>"; };
		23C590E2241132AF00E1A45F /* HomeViewController.swift */ = {isa = PBXFileReference; fileEncoding = 4; lastKnownFileType = sourcecode.swift; path = HomeViewController.swift; sourceTree = "<group>"; };
		23C590E6241132BD00E1A45F /* CategoryCollectionView.swift */ = {isa = PBXFileReference; fileEncoding = 4; lastKnownFileType = sourcecode.swift; path = CategoryCollectionView.swift; sourceTree = "<group>"; };
		23C590E8241132C400E1A45F /* CountryCollectionView.swift */ = {isa = PBXFileReference; fileEncoding = 4; lastKnownFileType = sourcecode.swift; path = CountryCollectionView.swift; sourceTree = "<group>"; };
		23C590EA241132E200E1A45F /* CountryCollectionCellViewModel.swift */ = {isa = PBXFileReference; fileEncoding = 4; lastKnownFileType = sourcecode.swift; path = CountryCollectionCellViewModel.swift; sourceTree = "<group>"; };
		23C590EB241132E200E1A45F /* CountryCollectionViewCell.swift */ = {isa = PBXFileReference; fileEncoding = 4; lastKnownFileType = sourcecode.swift; path = CountryCollectionViewCell.swift; sourceTree = "<group>"; };
		23C590EC241132E200E1A45F /* CountryCollectionViewCell.xib */ = {isa = PBXFileReference; fileEncoding = 4; lastKnownFileType = file.xib; path = CountryCollectionViewCell.xib; sourceTree = "<group>"; };
		23C590F0241132F200E1A45F /* CategoryCollectionViewCell.xib */ = {isa = PBXFileReference; fileEncoding = 4; lastKnownFileType = file.xib; path = CategoryCollectionViewCell.xib; sourceTree = "<group>"; };
		23C590F1241132F200E1A45F /* CategoryCollectionCellViewModel.swift */ = {isa = PBXFileReference; fileEncoding = 4; lastKnownFileType = sourcecode.swift; path = CategoryCollectionCellViewModel.swift; sourceTree = "<group>"; };
		23C590F2241132F200E1A45F /* CategoryCollectionViewCell.swift */ = {isa = PBXFileReference; fileEncoding = 4; lastKnownFileType = sourcecode.swift; path = CategoryCollectionViewCell.swift; sourceTree = "<group>"; };
		23C590F62411331000E1A45F /* SearchViewModel.swift */ = {isa = PBXFileReference; fileEncoding = 4; lastKnownFileType = sourcecode.swift; path = SearchViewModel.swift; sourceTree = "<group>"; };
		23C590F72411331000E1A45F /* SearchViewController.swift */ = {isa = PBXFileReference; fileEncoding = 4; lastKnownFileType = sourcecode.swift; path = SearchViewController.swift; sourceTree = "<group>"; };
		23C590F82411331000E1A45F /* SearchViewController.xib */ = {isa = PBXFileReference; fileEncoding = 4; lastKnownFileType = file.xib; path = SearchViewController.xib; sourceTree = "<group>"; };
		23C590FC2411332000E1A45F /* SearchCollectionCellViewModel.swift */ = {isa = PBXFileReference; fileEncoding = 4; lastKnownFileType = sourcecode.swift; path = SearchCollectionCellViewModel.swift; sourceTree = "<group>"; };
		23C590FD2411332100E1A45F /* SearchCollectionViewCell.xib */ = {isa = PBXFileReference; fileEncoding = 4; lastKnownFileType = file.xib; path = SearchCollectionViewCell.xib; sourceTree = "<group>"; };
		23C590FE2411332100E1A45F /* SearchCollectionViewCell.swift */ = {isa = PBXFileReference; fileEncoding = 4; lastKnownFileType = sourcecode.swift; path = SearchCollectionViewCell.swift; sourceTree = "<group>"; };
		23C591022411334900E1A45F /* FoodListService.swift */ = {isa = PBXFileReference; fileEncoding = 4; lastKnownFileType = sourcecode.swift; path = FoodListService.swift; sourceTree = "<group>"; };
		23C591032411334900E1A45F /* FoodDetailService.swift */ = {isa = PBXFileReference; fileEncoding = 4; lastKnownFileType = sourcecode.swift; path = FoodDetailService.swift; sourceTree = "<group>"; };
		23C591042411334900E1A45F /* HomeService.swift */ = {isa = PBXFileReference; fileEncoding = 4; lastKnownFileType = sourcecode.swift; path = HomeService.swift; sourceTree = "<group>"; };
		23C591052411334900E1A45F /* SearchService.swift */ = {isa = PBXFileReference; fileEncoding = 4; lastKnownFileType = sourcecode.swift; path = SearchService.swift; sourceTree = "<group>"; };
		23C591062411334900E1A45F /* CountryDetailService.swift */ = {isa = PBXFileReference; fileEncoding = 4; lastKnownFileType = sourcecode.swift; path = CountryDetailService.swift; sourceTree = "<group>"; };
		23C5910C2411335B00E1A45F /* ApiManager.swift */ = {isa = PBXFileReference; fileEncoding = 4; lastKnownFileType = sourcecode.swift; path = ApiManager.swift; sourceTree = "<group>"; };
		23C5910D2411335B00E1A45F /* Api.swift */ = {isa = PBXFileReference; fileEncoding = 4; lastKnownFileType = sourcecode.swift; path = Api.swift; sourceTree = "<group>"; };
		23C5910E2411335C00E1A45F /* URL.swift */ = {isa = PBXFileReference; fileEncoding = 4; lastKnownFileType = sourcecode.swift; path = URL.swift; sourceTree = "<group>"; };
		23C5910F2411335C00E1A45F /* Error.swift */ = {isa = PBXFileReference; fileEncoding = 4; lastKnownFileType = sourcecode.swift; path = Error.swift; sourceTree = "<group>"; };
		23C591142411336D00E1A45F /* Category.swift */ = {isa = PBXFileReference; fileEncoding = 4; lastKnownFileType = sourcecode.swift; path = Category.swift; sourceTree = "<group>"; };
		23C591152411336D00E1A45F /* Food.swift */ = {isa = PBXFileReference; fileEncoding = 4; lastKnownFileType = sourcecode.swift; path = Food.swift; sourceTree = "<group>"; };
		23C591162411336D00E1A45F /* Networking.swift */ = {isa = PBXFileReference; fileEncoding = 4; lastKnownFileType = sourcecode.swift; path = Networking.swift; sourceTree = "<group>"; };
		23C591172411336D00E1A45F /* FavoriteFood.swift */ = {isa = PBXFileReference; fileEncoding = 4; lastKnownFileType = sourcecode.swift; path = FavoriteFood.swift; sourceTree = "<group>"; };
		23C591182411336E00E1A45F /* Country.swift */ = {isa = PBXFileReference; fileEncoding = 4; lastKnownFileType = sourcecode.swift; path = Country.swift; sourceTree = "<group>"; };
		23C5911E2411338200E1A45F /* StringExt.swift */ = {isa = PBXFileReference; fileEncoding = 4; lastKnownFileType = sourcecode.swift; path = StringExt.swift; sourceTree = "<group>"; };
		23C5911F2411338200E1A45F /* Data.Ext.swift */ = {isa = PBXFileReference; fileEncoding = 4; lastKnownFileType = sourcecode.swift; path = Data.Ext.swift; sourceTree = "<group>"; };
		23C591202411338300E1A45F /* NSDataExt.swift */ = {isa = PBXFileReference; fileEncoding = 4; lastKnownFileType = sourcecode.swift; path = NSDataExt.swift; sourceTree = "<group>"; };
		23C591212411338300E1A45F /* DictionaryExt.swift */ = {isa = PBXFileReference; fileEncoding = 4; lastKnownFileType = sourcecode.swift; path = DictionaryExt.swift; sourceTree = "<group>"; };
		23C591222411338300E1A45F /* URLExt.swift */ = {isa = PBXFileReference; fileEncoding = 4; lastKnownFileType = sourcecode.swift; path = URLExt.swift; sourceTree = "<group>"; };
		23C591232411338300E1A45F /* RealmManager.swift */ = {isa = PBXFileReference; fileEncoding = 4; lastKnownFileType = sourcecode.swift; path = RealmManager.swift; sourceTree = "<group>"; };
		23C591242411338300E1A45F /* UIViewControllerExt.swift */ = {isa = PBXFileReference; fileEncoding = 4; lastKnownFileType = sourcecode.swift; path = UIViewControllerExt.swift; sourceTree = "<group>"; };
		23C591252411338400E1A45F /* InputViewExt.swift */ = {isa = PBXFileReference; fileEncoding = 4; lastKnownFileType = sourcecode.swift; path = InputViewExt.swift; sourceTree = "<group>"; };
		23C591262411338400E1A45F /* NSErrorExt.swift */ = {isa = PBXFileReference; fileEncoding = 4; lastKnownFileType = sourcecode.swift; path = NSErrorExt.swift; sourceTree = "<group>"; };
		23C5913024113F6800E1A45F /* CountryDetailViewModel.swift */ = {isa = PBXFileReference; fileEncoding = 4; lastKnownFileType = sourcecode.swift; name = CountryDetailViewModel.swift; path = ../../../../../Desktop/CountryDetailViewModel.swift; sourceTree = "<group>"; };
		23C5913124113F6800E1A45F /* CountryDetailViewController.swift */ = {isa = PBXFileReference; fileEncoding = 4; lastKnownFileType = sourcecode.swift; path = CountryDetailViewController.swift; sourceTree = "<group>"; };
		23C5913224113F6900E1A45F /* CountryDetailViewController.xib */ = {isa = PBXFileReference; fileEncoding = 4; lastKnownFileType = file.xib; path = CountryDetailViewController.xib; sourceTree = "<group>"; };
		23C5913624113FA700E1A45F /* FoodListViewModel.swift */ = {isa = PBXFileReference; fileEncoding = 4; lastKnownFileType = sourcecode.swift; path = FoodListViewModel.swift; sourceTree = "<group>"; };
		23C5913724113FA800E1A45F /* FoodListViewController.xib */ = {isa = PBXFileReference; fileEncoding = 4; lastKnownFileType = file.xib; path = FoodListViewController.xib; sourceTree = "<group>"; };
		23C5913824113FA800E1A45F /* FoodListViewController.swift */ = {isa = PBXFileReference; fileEncoding = 4; lastKnownFileType = sourcecode.swift; path = FoodListViewController.swift; sourceTree = "<group>"; };
		2471FFF2396065422C1E00E8 /* Pods-MyApp.staging.xcconfig */ = {isa = PBXFileReference; includeInIndex = 1; lastKnownFileType = text.xcconfig; name = "Pods-MyApp.staging.xcconfig"; path = "Pods/Target Support Files/Pods-MyApp/Pods-MyApp.staging.xcconfig"; sourceTree = "<group>"; };
		332A3DE5402BD070613BFC2A /* Pods_MyApp.framework */ = {isa = PBXFileReference; explicitFileType = wrapper.framework; includeInIndex = 0; path = Pods_MyApp.framework; sourceTree = BUILT_PRODUCTS_DIR; };
		47FCF93A9948D710C06CECAF /* Pods-MyApp.release.xcconfig */ = {isa = PBXFileReference; includeInIndex = 1; lastKnownFileType = text.xcconfig; name = "Pods-MyApp.release.xcconfig"; path = "Pods/Target Support Files/Pods-MyApp/Pods-MyApp.release.xcconfig"; sourceTree = "<group>"; };
		48F8D478234569385F88AC15 /* Pods-MyApp.debug.xcconfig */ = {isa = PBXFileReference; includeInIndex = 1; lastKnownFileType = text.xcconfig; name = "Pods-MyApp.debug.xcconfig"; path = "Pods/Target Support Files/Pods-MyApp/Pods-MyApp.debug.xcconfig"; sourceTree = "<group>"; };
		BEAC8FE8D5D0E356D606528F /* Pods_MyApp_MyAppTests.framework */ = {isa = PBXFileReference; explicitFileType = wrapper.framework; includeInIndex = 0; path = Pods_MyApp_MyAppTests.framework; sourceTree = BUILT_PRODUCTS_DIR; };
		EC0105421E8F8ADF00CE013D /* Info.plist */ = {isa = PBXFileReference; fileEncoding = 4; lastKnownFileType = text.plist.xml; path = Info.plist; sourceTree = "<group>"; };
		EC0105441E8F8ADF00CE013D /* AppDelegate.swift */ = {isa = PBXFileReference; fileEncoding = 4; lastKnownFileType = sourcecode.swift; path = AppDelegate.swift; sourceTree = "<group>"; };
		EC01055C1E8F8AF000CE013D /* Info.plist */ = {isa = PBXFileReference; fileEncoding = 4; lastKnownFileType = text.plist.xml; path = Info.plist; sourceTree = "<group>"; };
		EC2C488C1EAF011C00B22F4B /* Utils.swift */ = {isa = PBXFileReference; fileEncoding = 4; lastKnownFileType = sourcecode.swift; path = Utils.swift; sourceTree = "<group>"; };
		EC5337B41EF7845700ACE038 /* Color.swift */ = {isa = PBXFileReference; fileEncoding = 4; lastKnownFileType = sourcecode.swift; path = Color.swift; sourceTree = "<group>"; };
		EC5337B61EF78CD800ACE038 /* App.swift */ = {isa = PBXFileReference; fileEncoding = 4; lastKnownFileType = sourcecode.swift; path = App.swift; sourceTree = "<group>"; };
		EC5337BB1EF78E4D00ACE038 /* Base */ = {isa = PBXFileReference; lastKnownFileType = text.plist.strings; name = Base; path = Base.lproj/Localizable.strings; sourceTree = "<group>"; };
		EC5337BD1EF78FEA00ACE038 /* Font.swift */ = {isa = PBXFileReference; fileEncoding = 4; lastKnownFileType = sourcecode.swift; path = Font.swift; sourceTree = "<group>"; };
		ECC3B1C41EC17044001345C6 /* StringTests.swift */ = {isa = PBXFileReference; fileEncoding = 4; lastKnownFileType = sourcecode.swift; path = StringTests.swift; sourceTree = "<group>"; };
		ECC3B1C81EC1A2EA001345C6 /* URLTests.swift */ = {isa = PBXFileReference; fileEncoding = 4; lastKnownFileType = sourcecode.swift; path = URLTests.swift; sourceTree = "<group>"; };
		ECC3B1CA1EC1B196001345C6 /* DictionayTests.swift */ = {isa = PBXFileReference; fileEncoding = 4; lastKnownFileType = sourcecode.swift; path = DictionayTests.swift; sourceTree = "<group>"; };
		ECCCCB181E7A40D00073D923 /* MyApp.app */ = {isa = PBXFileReference; explicitFileType = wrapper.application; includeInIndex = 0; path = MyApp.app; sourceTree = BUILT_PRODUCTS_DIR; };
		ECCCCB2C1E7A40D10073D923 /* MyAppTests.xctest */ = {isa = PBXFileReference; explicitFileType = wrapper.cfbundle; includeInIndex = 0; path = MyAppTests.xctest; sourceTree = BUILT_PRODUCTS_DIR; };
		ECEC0C571ED44C5D00F6760A /* String.swift */ = {isa = PBXFileReference; fileEncoding = 4; lastKnownFileType = sourcecode.swift; path = String.swift; sourceTree = "<group>"; };
		F1C6352B1EF141F300D0A1A0 /* LaunchScreen.storyboard */ = {isa = PBXFileReference; fileEncoding = 4; lastKnownFileType = file.storyboard; path = LaunchScreen.storyboard; sourceTree = "<group>"; };
/* End PBXFileReference section */

/* Begin PBXFrameworksBuildPhase section */
		ECCCCB151E7A40D00073D923 /* Frameworks */ = {
			isa = PBXFrameworksBuildPhase;
			buildActionMask = 2147483647;
			files = (
				23AFC5BA2407FAEE00A00A8C /* ImageIO.framework in Frameworks */,
				06F583B6AD3C2E8E3F73E321 /* Pods_MyApp.framework in Frameworks */,
			);
			runOnlyForDeploymentPostprocessing = 0;
		};
		ECCCCB291E7A40D10073D923 /* Frameworks */ = {
			isa = PBXFrameworksBuildPhase;
			buildActionMask = 2147483647;
			files = (
			);
			runOnlyForDeploymentPostprocessing = 0;
		};
/* End PBXFrameworksBuildPhase section */

/* Begin PBXGroup section */
		231C4FF6240FF22500D70141 /* Cell */ = {
			isa = PBXGroup;
			children = (
				23C590C82411325700E1A45F /* FavoriteTableViewCell.swift */,
				23C590CA2411325700E1A45F /* FavoriteTableViewCell.xib */,
				23C590C92411325700E1A45F /* FavoriteTableCellViewModel.swift */,
			);
			path = Cell;
			sourceTree = "<group>";
		};
		233419AB241167F9000FB224 /* AppIcon.appiconset */ = {
			isa = PBXGroup;
			children = (
				233419AC241167F9000FB224 /* Contents.json */,
			);
			path = AppIcon.appiconset;
			sourceTree = "<group>";
		};
		2337B70A23FEBEA400A5DF8F /* Country Detail */ = {
			isa = PBXGroup;
			children = (
				23C5913124113F6800E1A45F /* CountryDetailViewController.swift */,
				23C5913224113F6900E1A45F /* CountryDetailViewController.xib */,
				23C5913024113F6800E1A45F /* CountryDetailViewModel.swift */,
			);
			path = "Country Detail";
			sourceTree = "<group>";
		};
		2337B70B23FEBEB300A5DF8F /* Food List */ = {
			isa = PBXGroup;
			children = (
				23C5913824113FA800E1A45F /* FoodListViewController.swift */,
				23C5913724113FA800E1A45F /* FoodListViewController.xib */,
				23C5913624113FA700E1A45F /* FoodListViewModel.swift */,
			);
			path = "Food List";
			sourceTree = "<group>";
		};
		2337B72A23FED15D00A5DF8F /* Category Cell */ = {
			isa = PBXGroup;
			children = (
				23C590F1241132F200E1A45F /* CategoryCollectionCellViewModel.swift */,
				23C590F2241132F200E1A45F /* CategoryCollectionViewCell.swift */,
				23C590F0241132F200E1A45F /* CategoryCollectionViewCell.xib */,
			);
			path = "Category Cell";
			sourceTree = "<group>";
		};
		2337B72B23FED16900A5DF8F /* Country Cell */ = {
			isa = PBXGroup;
			children = (
				23C590EA241132E200E1A45F /* CountryCollectionCellViewModel.swift */,
				23C590EB241132E200E1A45F /* CountryCollectionViewCell.swift */,
				23C590EC241132E200E1A45F /* CountryCollectionViewCell.xib */,
			);
			path = "Country Cell";
			sourceTree = "<group>";
		};
		233A487C23FACF910026FF4E /* Home */ = {
			isa = PBXGroup;
			children = (
				23C590E2241132AF00E1A45F /* HomeViewController.swift */,
				23C590E1241132AF00E1A45F /* HomeViewController.xib */,
				23C590E0241132AF00E1A45F /* HomeViewModel .swift */,
				23C590E6241132BD00E1A45F /* CategoryCollectionView.swift */,
				23C590E8241132C400E1A45F /* CountryCollectionView.swift */,
				233A488F23FAD63D0026FF4E /* Cell */,
			);
			path = Home;
			sourceTree = "<group>";
		};
		233A487D23FACF9E0026FF4E /* Search */ = {
			isa = PBXGroup;
			children = (
				23C590F72411331000E1A45F /* SearchViewController.swift */,
				23C590F82411331000E1A45F /* SearchViewController.xib */,
				23C590F62411331000E1A45F /* SearchViewModel.swift */,
				23578770240D3A0D002B79F7 /* Cell */,
			);
			path = Search;
			sourceTree = "<group>";
		};
		233A487E23FACFA50026FF4E /* Favorite */ = {
			isa = PBXGroup;
			children = (
				23C590D02411326200E1A45F /* FavoriteViewController.swift */,
				23C590CF2411326200E1A45F /* FavoriteViewController.xib */,
				23C590CE2411326200E1A45F /* FavoriteViewModel.swift */,
				231C4FF6240FF22500D70141 /* Cell */,
			);
			path = Favorite;
			sourceTree = "<group>";
		};
		233A488F23FAD63D0026FF4E /* Cell */ = {
			isa = PBXGroup;
			children = (
				2337B72B23FED16900A5DF8F /* Country Cell */,
				2337B72A23FED15D00A5DF8F /* Category Cell */,
			);
			path = Cell;
			sourceTree = "<group>";
		};
		233CBD10241D139E009A6F67 /* Table View Cell */ = {
			isa = PBXGroup;
			children = (
				233CBD11241D13C9009A6F67 /* IngredientsTableViewCell.swift */,
				233CBD12241D13C9009A6F67 /* IngredientsTableViewCell.xib */,
				233CBD15241D13D9009A6F67 /* IngredientsTableCellViewModel.swift */,
			);
			path = "Table View Cell";
			sourceTree = "<group>";
		};
		23578770240D3A0D002B79F7 /* Cell */ = {
			isa = PBXGroup;
			children = (
				23C590FC2411332000E1A45F /* SearchCollectionCellViewModel.swift */,
				23C590FE2411332100E1A45F /* SearchCollectionViewCell.swift */,
				23C590FD2411332100E1A45F /* SearchCollectionViewCell.xib */,
			);
			path = Cell;
			sourceTree = "<group>";
		};
		236180FA2406B5BD0023C175 /* Module */ = {
			isa = PBXGroup;
			children = (
				23C591062411334900E1A45F /* CountryDetailService.swift */,
				23C591032411334900E1A45F /* FoodDetailService.swift */,
				23C591022411334900E1A45F /* FoodListService.swift */,
				23C591042411334900E1A45F /* HomeService.swift */,
				23C591052411334900E1A45F /* SearchService.swift */,
			);
			path = Module;
			sourceTree = "<group>";
		};
		2363E6B124028B8F009C78FE /* Food Details */ = {
			isa = PBXGroup;
			children = (
				233CBD10241D139E009A6F67 /* Table View Cell */,
				23C590D42411327B00E1A45F /* FoodDetailViewController.swift */,
				23C590D52411327B00E1A45F /* FoodDetailViewController.xib */,
				23C590D62411327B00E1A45F /* FoodDetailViewModel.swift */,
			);
			path = "Food Details";
			sourceTree = "<group>";
		};
		23AFC5B82407FAEE00A00A8C /* Frameworks */ = {
			isa = PBXGroup;
			children = (
				23AFC5B92407FAEE00A00A8C /* ImageIO.framework */,
				332A3DE5402BD070613BFC2A /* Pods_MyApp.framework */,
				BEAC8FE8D5D0E356D606528F /* Pods_MyApp_MyAppTests.framework */,
			);
			name = Frameworks;
			sourceTree = "<group>";
		};
		23E2EDEF24027CBB0021CB7C /* Common Cell */ = {
			isa = PBXGroup;
			children = (
				23C590BD2411321E00E1A45F /* CustomCollectionViewCell.swift */,
				23C590BC2411321C00E1A45F /* CustomCollectionViewCell.xib */,
				23C590BE2411321F00E1A45F /* CustomCollectionCellViewModel.swift */,
			);
			path = "Common Cell";
			sourceTree = "<group>";
		};
		60B550C083ADD72F4D2D53AA /* Pods */ = {
			isa = PBXGroup;
			children = (
				48F8D478234569385F88AC15 /* Pods-MyApp.debug.xcconfig */,
				47FCF93A9948D710C06CECAF /* Pods-MyApp.release.xcconfig */,
				2471FFF2396065422C1E00E8 /* Pods-MyApp.staging.xcconfig */,
			);
			name = Pods;
			sourceTree = "<group>";
		};
		EC0105381E8F8ADF00CE013D /* MyApp */ = {
			isa = PBXGroup;
			children = (
				EC0105441E8F8ADF00CE013D /* AppDelegate.swift */,
				EC01053D1E8F8ADF00CE013D /* Define */,
				EC0105431E8F8ADF00CE013D /* View */,
				ECF23A951E9B8503008C23C1 /* Model */,
				ECF23AC01E9B9253008C23C1 /* Library */,
				EC01053F1E8F8ADF00CE013D /* Resources */,
				EC0105411E8F8ADF00CE013D /* Supports */,
			);
			path = MyApp;
			sourceTree = "<group>";
		};
		EC01053D1E8F8ADF00CE013D /* Define */ = {
			isa = PBXGroup;
			children = (
				EC5337B61EF78CD800ACE038 /* App.swift */,
				ECEC0C571ED44C5D00F6760A /* String.swift */,
				EC5337B41EF7845700ACE038 /* Color.swift */,
				EC5337BD1EF78FEA00ACE038 /* Font.swift */,
			);
			path = Define;
			sourceTree = "<group>";
		};
		EC01053F1E8F8ADF00CE013D /* Resources */ = {
			isa = PBXGroup;
			children = (
				236181072406B6290023C175 /* Assets.xcassets */,
				233419AB241167F9000FB224 /* AppIcon.appiconset */,
				EC5337BC1EF78E4D00ACE038 /* Localizable.strings */,
			);
			path = Resources;
			sourceTree = "<group>";
		};
		EC0105411E8F8ADF00CE013D /* Supports */ = {
			isa = PBXGroup;
			children = (
				EC0105421E8F8ADF00CE013D /* Info.plist */,
			);
			path = Supports;
			sourceTree = "<group>";
		};
		EC0105431E8F8ADF00CE013D /* View */ = {
			isa = PBXGroup;
			children = (
				23E2EDEF24027CBB0021CB7C /* Common Cell */,
				2363E6B124028B8F009C78FE /* Food Details */,
				2337B70B23FEBEB300A5DF8F /* Food List */,
				2337B70A23FEBEA400A5DF8F /* Country Detail */,
				233A487C23FACF910026FF4E /* Home */,
				233A487D23FACF9E0026FF4E /* Search */,
				233A487E23FACFA50026FF4E /* Favorite */,
				EC5337BF1EF7933A00ACE038 /* Base */,
				F1C6352A1EF141F300D0A1A0 /* Storyboard */,
			);
			path = View;
			sourceTree = "<group>";
		};
		EC01055B1E8F8AF000CE013D /* MyAppTests */ = {
			isa = PBXGroup;
			children = (
				EC01055C1E8F8AF000CE013D /* Info.plist */,
				EC2C488C1EAF011C00B22F4B /* Utils.swift */,
				ECC3B1C21EC17044001345C6 /* Library */,
				ECC3B1B51EC1701A001345C6 /* View */,
				ECC3B1BB1EC17025001345C6 /* ViewModel */,
			);
			path = MyAppTests;
			sourceTree = "<group>";
		};
		EC5337BF1EF7933A00ACE038 /* Base */ = {
			isa = PBXGroup;
			children = (
				236181092406B6520023C175 /* Button.swift */,
				2361810B2406B6520023C175 /* CollectionCell.swift */,
				2361810A2406B6520023C175 /* NavigationController.swift */,
				2361810E2406B6530023C175 /* TabBarController.swift */,
				2361810C2406B6520023C175 /* TableCell.swift */,
				2361810D2406B6530023C175 /* ViewController.swift */,
			);
			path = Base;
			sourceTree = "<group>";
		};
		ECC3B1B51EC1701A001345C6 /* View */ = {
			isa = PBXGroup;
			children = (
			);
			path = View;
			sourceTree = "<group>";
		};
		ECC3B1BB1EC17025001345C6 /* ViewModel */ = {
			isa = PBXGroup;
			children = (
			);
			path = ViewModel;
			sourceTree = "<group>";
		};
		ECC3B1C21EC17044001345C6 /* Library */ = {
			isa = PBXGroup;
			children = (
				ECC3B1C31EC17044001345C6 /* Ext */,
			);
			path = Library;
			sourceTree = "<group>";
		};
		ECC3B1C31EC17044001345C6 /* Ext */ = {
			isa = PBXGroup;
			children = (
				ECC3B1CA1EC1B196001345C6 /* DictionayTests.swift */,
				ECC3B1C81EC1A2EA001345C6 /* URLTests.swift */,
				ECC3B1C41EC17044001345C6 /* StringTests.swift */,
			);
			path = Ext;
			sourceTree = "<group>";
		};
		ECCCCB0F1E7A40D00073D923 = {
			isa = PBXGroup;
			children = (
				EC0105381E8F8ADF00CE013D /* MyApp */,
				EC01055B1E8F8AF000CE013D /* MyAppTests */,
				ECCCCB191E7A40D00073D923 /* Products */,
				60B550C083ADD72F4D2D53AA /* Pods */,
				23AFC5B82407FAEE00A00A8C /* Frameworks */,
			);
			sourceTree = "<group>";
		};
		ECCCCB191E7A40D00073D923 /* Products */ = {
			isa = PBXGroup;
			children = (
				ECCCCB181E7A40D00073D923 /* MyApp.app */,
				ECCCCB2C1E7A40D10073D923 /* MyAppTests.xctest */,
			);
			name = Products;
			sourceTree = "<group>";
		};
		ECF23A951E9B8503008C23C1 /* Model */ = {
			isa = PBXGroup;
			children = (
				ECF23AAF1E9B869B008C23C1 /* API */,
				ECF23AA31E9B8586008C23C1 /* Schema */,
			);
			path = Model;
			sourceTree = "<group>";
		};
		ECF23AA31E9B8586008C23C1 /* Schema */ = {
			isa = PBXGroup;
			children = (
				23C591142411336D00E1A45F /* Category.swift */,
				23C591182411336E00E1A45F /* Country.swift */,
				23C591172411336D00E1A45F /* FavoriteFood.swift */,
				23C591152411336D00E1A45F /* Food.swift */,
				23C591162411336D00E1A45F /* Networking.swift */,
			);
			path = Schema;
			sourceTree = "<group>";
		};
		ECF23AAF1E9B869B008C23C1 /* API */ = {
			isa = PBXGroup;
			children = (
				236180FA2406B5BD0023C175 /* Module */,
				ECF23AB01E9B869B008C23C1 /* Core */,
			);
			path = API;
			sourceTree = "<group>";
		};
		ECF23AB01E9B869B008C23C1 /* Core */ = {
			isa = PBXGroup;
			children = (
				23C5910D2411335B00E1A45F /* Api.swift */,
				23C5910C2411335B00E1A45F /* ApiManager.swift */,
				23C5910F2411335C00E1A45F /* Error.swift */,
				23C5910E2411335C00E1A45F /* URL.swift */,
			);
			path = Core;
			sourceTree = "<group>";
		};
		ECF23AC01E9B9253008C23C1 /* Library */ = {
			isa = PBXGroup;
			children = (
				ECF23AC11E9B9253008C23C1 /* Ext */,
			);
			path = Library;
			sourceTree = "<group>";
		};
		ECF23AC11E9B9253008C23C1 /* Ext */ = {
			isa = PBXGroup;
			children = (
				23C5911F2411338200E1A45F /* Data.Ext.swift */,
				23C591212411338300E1A45F /* DictionaryExt.swift */,
				23C591252411338400E1A45F /* InputViewExt.swift */,
				23C591202411338300E1A45F /* NSDataExt.swift */,
				23C591262411338400E1A45F /* NSErrorExt.swift */,
				23C591232411338300E1A45F /* RealmManager.swift */,
				23C5911E2411338200E1A45F /* StringExt.swift */,
				23C591242411338300E1A45F /* UIViewControllerExt.swift */,
				23C591222411338300E1A45F /* URLExt.swift */,
			);
			path = Ext;
			sourceTree = "<group>";
		};
		F1C6352A1EF141F300D0A1A0 /* Storyboard */ = {
			isa = PBXGroup;
			children = (
				F1C6352B1EF141F300D0A1A0 /* LaunchScreen.storyboard */,
			);
			path = Storyboard;
			sourceTree = "<group>";
		};
/* End PBXGroup section */

/* Begin PBXNativeTarget section */
		ECCCCB171E7A40D00073D923 /* MyApp */ = {
			isa = PBXNativeTarget;
			buildConfigurationList = ECCCCB351E7A40D10073D923 /* Build configuration list for PBXNativeTarget "MyApp" */;
			buildPhases = (
				B0E09827A261C794A6F031AA /* [CP] Check Pods Manifest.lock */,
				ECCCCB141E7A40D00073D923 /* Sources */,
				ECCCCB151E7A40D00073D923 /* Frameworks */,
				ECCCCB161E7A40D00073D923 /* Resources */,
				E23D44304C718C6164C90A36 /* [CP] Embed Pods Frameworks */,
				EC01052F1E8F895300CE013D /* Embed Frameworks */,
			);
			buildRules = (
			);
			dependencies = (
			);
			name = MyApp;
			productName = MVVM;
			productReference = ECCCCB181E7A40D00073D923 /* MyApp.app */;
			productType = "com.apple.product-type.application";
		};
		ECCCCB2B1E7A40D10073D923 /* MyAppTests */ = {
			isa = PBXNativeTarget;
			buildConfigurationList = ECCCCB381E7A40D10073D923 /* Build configuration list for PBXNativeTarget "MyAppTests" */;
			buildPhases = (
				ECCCCB281E7A40D10073D923 /* Sources */,
				ECCCCB291E7A40D10073D923 /* Frameworks */,
				ECCCCB2A1E7A40D10073D923 /* Resources */,
			);
			buildRules = (
			);
			dependencies = (
				ECCCCB2E1E7A40D10073D923 /* PBXTargetDependency */,
			);
			name = MyAppTests;
			productName = MVVMTests;
			productReference = ECCCCB2C1E7A40D10073D923 /* MyAppTests.xctest */;
			productType = "com.apple.product-type.bundle.unit-test";
		};
/* End PBXNativeTarget section */

/* Begin PBXProject section */
		ECCCCB101E7A40D00073D923 /* Project object */ = {
			isa = PBXProject;
			attributes = {
				LastSwiftUpdateCheck = 0820;
				LastUpgradeCheck = 1120;
				ORGANIZATIONNAME = "Asian Tech Co., Ltd.";
				TargetAttributes = {
					ECCCCB171E7A40D00073D923 = {
						CreatedOnToolsVersion = 8.2;
						ProvisioningStyle = Manual;
					};
					ECCCCB2B1E7A40D10073D923 = {
						CreatedOnToolsVersion = 8.2;
						ProvisioningStyle = Automatic;
						TestTargetID = ECCCCB171E7A40D00073D923;
					};
				};
			};
			buildConfigurationList = ECCCCB131E7A40D00073D923 /* Build configuration list for PBXProject "MyApp" */;
			compatibilityVersion = "Xcode 3.2";
			developmentRegion = English;
			hasScannedForEncodings = 0;
			knownRegions = (
				English,
				en,
				Base,
			);
			mainGroup = ECCCCB0F1E7A40D00073D923;
			productRefGroup = ECCCCB191E7A40D00073D923 /* Products */;
			projectDirPath = "";
			projectRoot = "";
			targets = (
				ECCCCB171E7A40D00073D923 /* MyApp */,
				ECCCCB2B1E7A40D10073D923 /* MyAppTests */,
			);
		};
/* End PBXProject section */

/* Begin PBXResourcesBuildPhase section */
		ECCCCB161E7A40D00073D923 /* Resources */ = {
			isa = PBXResourcesBuildPhase;
			buildActionMask = 2147483647;
			files = (
				23C5913A24113FA800E1A45F /* FoodListViewController.xib in Resources */,
				23C591002411332100E1A45F /* SearchCollectionViewCell.xib in Resources */,
				EC5337BA1EF78E4D00ACE038 /* Localizable.strings in Resources */,
				23C590EF241132E200E1A45F /* CountryCollectionViewCell.xib in Resources */,
				F1C6352C1EF141F300D0A1A0 /* LaunchScreen.storyboard in Resources */,
				233419AD241167F9000FB224 /* Contents.json in Resources */,
				23C590E4241132AF00E1A45F /* HomeViewController.xib in Resources */,
				236181082406B6290023C175 /* Assets.xcassets in Resources */,
				23C590FB2411331000E1A45F /* SearchViewController.xib in Resources */,
				23C590F3241132F200E1A45F /* CategoryCollectionViewCell.xib in Resources */,
				23C590CD2411325700E1A45F /* FavoriteTableViewCell.xib in Resources */,
				23C5913524113F6900E1A45F /* CountryDetailViewController.xib in Resources */,
				233CBD14241D13C9009A6F67 /* IngredientsTableViewCell.xib in Resources */,
				23C590D22411326200E1A45F /* FavoriteViewController.xib in Resources */,
				23C590BF2411321F00E1A45F /* CustomCollectionViewCell.xib in Resources */,
				23C590D82411327B00E1A45F /* FoodDetailViewController.xib in Resources */,
			);
			runOnlyForDeploymentPostprocessing = 0;
		};
		ECCCCB2A1E7A40D10073D923 /* Resources */ = {
			isa = PBXResourcesBuildPhase;
			buildActionMask = 2147483647;
			files = (
			);
			runOnlyForDeploymentPostprocessing = 0;
		};
/* End PBXResourcesBuildPhase section */

/* Begin PBXShellScriptBuildPhase section */
		B0E09827A261C794A6F031AA /* [CP] Check Pods Manifest.lock */ = {
			isa = PBXShellScriptBuildPhase;
			buildActionMask = 2147483647;
			files = (
			);
			inputPaths = (
				"${PODS_PODFILE_DIR_PATH}/Podfile.lock",
				"${PODS_ROOT}/Manifest.lock",
			);
			name = "[CP] Check Pods Manifest.lock";
			outputPaths = (
				"$(DERIVED_FILE_DIR)/Pods-MyApp-checkManifestLockResult.txt",
			);
			runOnlyForDeploymentPostprocessing = 0;
			shellPath = /bin/sh;
			shellScript = "diff \"${PODS_PODFILE_DIR_PATH}/Podfile.lock\" \"${PODS_ROOT}/Manifest.lock\" > /dev/null\nif [ $? != 0 ] ; then\n    # print error to STDERR\n    echo \"error: The sandbox is not in sync with the Podfile.lock. Run 'pod install' or update your CocoaPods installation.\" >&2\n    exit 1\nfi\n# This output is used by Xcode 'outputs' to avoid re-running this script phase.\necho \"SUCCESS\" > \"${SCRIPT_OUTPUT_FILE_0}\"\n";
			showEnvVarsInLog = 0;
		};
		E23D44304C718C6164C90A36 /* [CP] Embed Pods Frameworks */ = {
			isa = PBXShellScriptBuildPhase;
			buildActionMask = 2147483647;
			files = (
			);
			inputPaths = (
				"${SRCROOT}/Pods/Target Support Files/Pods-MyApp/Pods-MyApp-frameworks.sh",
				"${BUILT_PRODUCTS_DIR}/Realm/Realm.framework",
				"${BUILT_PRODUCTS_DIR}/RealmSwift/RealmSwift.framework",
				"${BUILT_PRODUCTS_DIR}/SDWebImage/SDWebImage.framework",
				"${BUILT_PRODUCTS_DIR}/XCDYouTubeKit/XCDYouTubeKit.framework",
			);
			name = "[CP] Embed Pods Frameworks";
			outputPaths = (
				"${TARGET_BUILD_DIR}/${FRAMEWORKS_FOLDER_PATH}/Realm.framework",
				"${TARGET_BUILD_DIR}/${FRAMEWORKS_FOLDER_PATH}/RealmSwift.framework",
				"${TARGET_BUILD_DIR}/${FRAMEWORKS_FOLDER_PATH}/SDWebImage.framework",
				"${TARGET_BUILD_DIR}/${FRAMEWORKS_FOLDER_PATH}/XCDYouTubeKit.framework",
			);
			runOnlyForDeploymentPostprocessing = 0;
			shellPath = /bin/sh;
			shellScript = "\"${SRCROOT}/Pods/Target Support Files/Pods-MyApp/Pods-MyApp-frameworks.sh\"\n";
			showEnvVarsInLog = 0;
		};
/* End PBXShellScriptBuildPhase section */

/* Begin PBXSourcesBuildPhase section */
		ECCCCB141E7A40D00073D923 /* Sources */ = {
			isa = PBXSourcesBuildPhase;
			buildActionMask = 2147483647;
			files = (
				EC5337B71EF78CD800ACE038 /* App.swift in Sources */,
				23C5911B2411336E00E1A45F /* Networking.swift in Sources */,
				23C5912C2411338400E1A45F /* RealmManager.swift in Sources */,
				236181132406B6530023C175 /* ViewController.swift in Sources */,
				23C590E5241132AF00E1A45F /* HomeViewController.swift in Sources */,
				236181112406B6530023C175 /* CollectionCell.swift in Sources */,
				23C590D92411327B00E1A45F /* FoodDetailViewModel.swift in Sources */,
				23C5911D2411336E00E1A45F /* Country.swift in Sources */,
				23C590ED241132E200E1A45F /* CountryCollectionCellViewModel.swift in Sources */,
				23C590F5241132F200E1A45F /* CategoryCollectionViewCell.swift in Sources */,
				236181142406B6530023C175 /* TabBarController.swift in Sources */,
				23C591282411338400E1A45F /* Data.Ext.swift in Sources */,
				23C5912F2411338400E1A45F /* NSErrorExt.swift in Sources */,
				23C591072411334900E1A45F /* FoodListService.swift in Sources */,
				23C590D32411326200E1A45F /* FavoriteViewController.swift in Sources */,
				23C590E9241132C400E1A45F /* CountryCollectionView.swift in Sources */,
				23C5912A2411338400E1A45F /* DictionaryExt.swift in Sources */,
				23C591012411332100E1A45F /* SearchCollectionViewCell.swift in Sources */,
				23C591092411334900E1A45F /* HomeService.swift in Sources */,
				23C590E3241132AF00E1A45F /* HomeViewModel .swift in Sources */,
				23C590EE241132E200E1A45F /* CountryCollectionViewCell.swift in Sources */,
				23C590C02411321F00E1A45F /* CustomCollectionViewCell.swift in Sources */,
				233CBD16241D13D9009A6F67 /* IngredientsTableCellViewModel.swift in Sources */,
				23C591192411336E00E1A45F /* Category.swift in Sources */,
				EC0105541E8F8AE000CE013D /* AppDelegate.swift in Sources */,
				23C5911A2411336E00E1A45F /* Food.swift in Sources */,
				236181102406B6530023C175 /* NavigationController.swift in Sources */,
				23C5913324113F6900E1A45F /* CountryDetailViewModel.swift in Sources */,
				23C5912D2411338400E1A45F /* UIViewControllerExt.swift in Sources */,
				236181122406B6530023C175 /* TableCell.swift in Sources */,
				23C591102411335C00E1A45F /* ApiManager.swift in Sources */,
				23C5913B24113FA800E1A45F /* FoodListViewController.swift in Sources */,
				23C591122411335C00E1A45F /* URL.swift in Sources */,
				23C590E7241132BD00E1A45F /* CategoryCollectionView.swift in Sources */,
				ECEC0C581ED44C5D00F6760A /* String.swift in Sources */,
				EC5337BE1EF78FEA00ACE038 /* Font.swift in Sources */,
				EC5337B51EF7845700ACE038 /* Color.swift in Sources */,
				23C5911C2411336E00E1A45F /* FavoriteFood.swift in Sources */,
				23C591132411335C00E1A45F /* Error.swift in Sources */,
				23C590D72411327B00E1A45F /* FoodDetailViewController.swift in Sources */,
				23C590D12411326200E1A45F /* FavoriteViewModel.swift in Sources */,
				23C591112411335C00E1A45F /* Api.swift in Sources */,
				23C590FA2411331000E1A45F /* SearchViewController.swift in Sources */,
				23C5912E2411338400E1A45F /* InputViewExt.swift in Sources */,
				23C5913424113F6900E1A45F /* CountryDetailViewController.swift in Sources */,
				23C591292411338400E1A45F /* NSDataExt.swift in Sources */,
				23C5910B2411334900E1A45F /* CountryDetailService.swift in Sources */,
				23C590CC2411325700E1A45F /* FavoriteTableCellViewModel.swift in Sources */,
				23C591082411334900E1A45F /* FoodDetailService.swift in Sources */,
				23C5913924113FA800E1A45F /* FoodListViewModel.swift in Sources */,
				23C590C12411321F00E1A45F /* CustomCollectionCellViewModel.swift in Sources */,
				23C5912B2411338400E1A45F /* URLExt.swift in Sources */,
				23C590F92411331000E1A45F /* SearchViewModel.swift in Sources */,
				23C591272411338400E1A45F /* StringExt.swift in Sources */,
				233CBD13241D13C9009A6F67 /* IngredientsTableViewCell.swift in Sources */,
				2361810F2406B6530023C175 /* Button.swift in Sources */,
				23C590FF2411332100E1A45F /* SearchCollectionCellViewModel.swift in Sources */,
				23C5910A2411334900E1A45F /* SearchService.swift in Sources */,
				23C590F4241132F200E1A45F /* CategoryCollectionCellViewModel.swift in Sources */,
				23C590CB2411325700E1A45F /* FavoriteTableViewCell.swift in Sources */,
			);
			runOnlyForDeploymentPostprocessing = 0;
		};
		ECCCCB281E7A40D10073D923 /* Sources */ = {
			isa = PBXSourcesBuildPhase;
			buildActionMask = 2147483647;
			files = (
				ECC3B1C51EC17044001345C6 /* StringTests.swift in Sources */,
				ECC3B1CB1EC1B196001345C6 /* DictionayTests.swift in Sources */,
				ECC3B1C91EC1A2EA001345C6 /* URLTests.swift in Sources */,
				EC2C488D1EAF011C00B22F4B /* Utils.swift in Sources */,
			);
			runOnlyForDeploymentPostprocessing = 0;
		};
/* End PBXSourcesBuildPhase section */

/* Begin PBXTargetDependency section */
		ECCCCB2E1E7A40D10073D923 /* PBXTargetDependency */ = {
			isa = PBXTargetDependency;
			target = ECCCCB171E7A40D00073D923 /* MyApp */;
			targetProxy = ECCCCB2D1E7A40D10073D923 /* PBXContainerItemProxy */;
		};
/* End PBXTargetDependency section */

/* Begin PBXVariantGroup section */
		EC5337BC1EF78E4D00ACE038 /* Localizable.strings */ = {
			isa = PBXVariantGroup;
			children = (
				EC5337BB1EF78E4D00ACE038 /* Base */,
			);
			name = Localizable.strings;
			sourceTree = "<group>";
		};
/* End PBXVariantGroup section */

/* Begin XCBuildConfiguration section */
		ECCCCB331E7A40D10073D923 /* Debug */ = {
			isa = XCBuildConfiguration;
			buildSettings = {
				ALWAYS_SEARCH_USER_PATHS = NO;
				CLANG_ANALYZER_LOCALIZABILITY_NONLOCALIZED = YES;
				CLANG_ANALYZER_NONNULL = YES;
				CLANG_CXX_LANGUAGE_STANDARD = "gnu++0x";
				CLANG_CXX_LIBRARY = "libc++";
				CLANG_ENABLE_MODULES = YES;
				CLANG_ENABLE_OBJC_ARC = YES;
				CLANG_WARN_BLOCK_CAPTURE_AUTORELEASING = YES;
				CLANG_WARN_BOOL_CONVERSION = YES;
				CLANG_WARN_COMMA = YES;
				CLANG_WARN_CONSTANT_CONVERSION = YES;
				CLANG_WARN_DEPRECATED_OBJC_IMPLEMENTATIONS = YES;
				CLANG_WARN_DIRECT_OBJC_ISA_USAGE = YES_ERROR;
				CLANG_WARN_DOCUMENTATION_COMMENTS = YES;
				CLANG_WARN_EMPTY_BODY = YES;
				CLANG_WARN_ENUM_CONVERSION = YES;
				CLANG_WARN_INFINITE_RECURSION = YES;
				CLANG_WARN_INT_CONVERSION = YES;
				CLANG_WARN_NON_LITERAL_NULL_CONVERSION = YES;
				CLANG_WARN_OBJC_IMPLICIT_RETAIN_SELF = YES;
				CLANG_WARN_OBJC_LITERAL_CONVERSION = YES;
				CLANG_WARN_OBJC_ROOT_CLASS = YES_ERROR;
				CLANG_WARN_RANGE_LOOP_ANALYSIS = YES;
				CLANG_WARN_STRICT_PROTOTYPES = YES;
				CLANG_WARN_SUSPICIOUS_MOVE = YES;
				CLANG_WARN_UNREACHABLE_CODE = YES;
				CLANG_WARN__DUPLICATE_METHOD_MATCH = YES;
				"CODE_SIGN_IDENTITY[sdk=iphoneos*]" = "iPhone Developer";
				COPY_PHASE_STRIP = NO;
				DEBUG_INFORMATION_FORMAT = dwarf;
				ENABLE_STRICT_OBJC_MSGSEND = YES;
				ENABLE_TESTABILITY = YES;
				GCC_C_LANGUAGE_STANDARD = gnu99;
				GCC_DYNAMIC_NO_PIC = NO;
				GCC_NO_COMMON_BLOCKS = YES;
				GCC_OPTIMIZATION_LEVEL = 0;
				GCC_PREPROCESSOR_DEFINITIONS = (
					"DEBUG=1",
					"$(inherited)",
				);
				GCC_WARN_64_TO_32_BIT_CONVERSION = YES;
				GCC_WARN_ABOUT_RETURN_TYPE = YES_ERROR;
				GCC_WARN_UNDECLARED_SELECTOR = YES;
				GCC_WARN_UNINITIALIZED_AUTOS = YES_AGGRESSIVE;
				GCC_WARN_UNUSED_FUNCTION = YES;
				GCC_WARN_UNUSED_VARIABLE = YES;
				IPHONEOS_DEPLOYMENT_TARGET = 9.0;
				MTL_ENABLE_DEBUG_INFO = YES;
				ONLY_ACTIVE_ARCH = YES;
				SDKROOT = iphoneos;
				SWIFT_ACTIVE_COMPILATION_CONDITIONS = DEBUG;
				SWIFT_OPTIMIZATION_LEVEL = "-Onone";
				SWIFT_VERSION = 5.0;
			};
			name = Debug;
		};
		ECCCCB341E7A40D10073D923 /* Release */ = {
			isa = XCBuildConfiguration;
			buildSettings = {
				ALWAYS_SEARCH_USER_PATHS = NO;
				CLANG_ANALYZER_LOCALIZABILITY_NONLOCALIZED = YES;
				CLANG_ANALYZER_NONNULL = YES;
				CLANG_CXX_LANGUAGE_STANDARD = "gnu++0x";
				CLANG_CXX_LIBRARY = "libc++";
				CLANG_ENABLE_MODULES = YES;
				CLANG_ENABLE_OBJC_ARC = YES;
				CLANG_WARN_BLOCK_CAPTURE_AUTORELEASING = YES;
				CLANG_WARN_BOOL_CONVERSION = YES;
				CLANG_WARN_COMMA = YES;
				CLANG_WARN_CONSTANT_CONVERSION = YES;
				CLANG_WARN_DEPRECATED_OBJC_IMPLEMENTATIONS = YES;
				CLANG_WARN_DIRECT_OBJC_ISA_USAGE = YES_ERROR;
				CLANG_WARN_DOCUMENTATION_COMMENTS = YES;
				CLANG_WARN_EMPTY_BODY = YES;
				CLANG_WARN_ENUM_CONVERSION = YES;
				CLANG_WARN_INFINITE_RECURSION = YES;
				CLANG_WARN_INT_CONVERSION = YES;
				CLANG_WARN_NON_LITERAL_NULL_CONVERSION = YES;
				CLANG_WARN_OBJC_IMPLICIT_RETAIN_SELF = YES;
				CLANG_WARN_OBJC_LITERAL_CONVERSION = YES;
				CLANG_WARN_OBJC_ROOT_CLASS = YES_ERROR;
				CLANG_WARN_RANGE_LOOP_ANALYSIS = YES;
				CLANG_WARN_STRICT_PROTOTYPES = YES;
				CLANG_WARN_SUSPICIOUS_MOVE = YES;
				CLANG_WARN_UNREACHABLE_CODE = YES;
				CLANG_WARN__DUPLICATE_METHOD_MATCH = YES;
				"CODE_SIGN_IDENTITY[sdk=iphoneos*]" = "iPhone Developer";
				COPY_PHASE_STRIP = NO;
				DEBUG_INFORMATION_FORMAT = "dwarf-with-dsym";
				ENABLE_NS_ASSERTIONS = NO;
				ENABLE_STRICT_OBJC_MSGSEND = YES;
				GCC_C_LANGUAGE_STANDARD = gnu99;
				GCC_NO_COMMON_BLOCKS = YES;
				GCC_PREPROCESSOR_DEFINITIONS = "";
				GCC_WARN_64_TO_32_BIT_CONVERSION = YES;
				GCC_WARN_ABOUT_RETURN_TYPE = YES_ERROR;
				GCC_WARN_UNDECLARED_SELECTOR = YES;
				GCC_WARN_UNINITIALIZED_AUTOS = YES_AGGRESSIVE;
				GCC_WARN_UNUSED_FUNCTION = YES;
				GCC_WARN_UNUSED_VARIABLE = YES;
				IPHONEOS_DEPLOYMENT_TARGET = 9.0;
				MTL_ENABLE_DEBUG_INFO = NO;
				SDKROOT = iphoneos;
				SWIFT_OPTIMIZATION_LEVEL = "-Owholemodule";
				SWIFT_VERSION = 5.0;
				VALIDATE_PRODUCT = YES;
			};
			name = Release;
		};
		ECCCCB361E7A40D10073D923 /* Debug */ = {
			isa = XCBuildConfiguration;
			baseConfigurationReference = 48F8D478234569385F88AC15 /* Pods-MyApp.debug.xcconfig */;
			buildSettings = {
				ASSETCATALOG_COMPILER_APPICON_NAME = AppIcon;
				CODE_SIGN_STYLE = Manual;
				DEVELOPMENT_TEAM = "";
				FRAMEWORK_SEARCH_PATHS = "$(inherited)";
				INFOPLIST_FILE = "$(SRCROOT)/MyApp/Supports/Info.plist";
				IPHONEOS_DEPLOYMENT_TARGET = 9.0;
				LD_RUNPATH_SEARCH_PATHS = "$(inherited) @executable_path/Frameworks";
				PRODUCT_BUNDLE_IDENTIFIER = vn.asiantech.dev.mvvm.demo;
				PRODUCT_NAME = "$(TARGET_NAME)";
				PROVISIONING_PROFILE_SPECIFIER = "";
				SWIFT_VERSION = 4.2;
			};
			name = Debug;
		};
		ECCCCB371E7A40D10073D923 /* Release */ = {
			isa = XCBuildConfiguration;
			baseConfigurationReference = 47FCF93A9948D710C06CECAF /* Pods-MyApp.release.xcconfig */;
			buildSettings = {
				ASSETCATALOG_COMPILER_APPICON_NAME = AppIcon;
				CODE_SIGN_STYLE = Manual;
				DEVELOPMENT_TEAM = "";
				FRAMEWORK_SEARCH_PATHS = "$(inherited)";
				INFOPLIST_FILE = "$(SRCROOT)/MyApp/Supports/Info.plist";
				IPHONEOS_DEPLOYMENT_TARGET = 9.0;
				LD_RUNPATH_SEARCH_PATHS = "$(inherited) @executable_path/Frameworks";
				PRODUCT_BUNDLE_IDENTIFIER = vn.asiantech.dev.mvvm.demo;
				PRODUCT_NAME = "$(TARGET_NAME)";
				PROVISIONING_PROFILE_SPECIFIER = "";
				SWIFT_VERSION = 4.2;
			};
			name = Release;
		};
		ECCCCB391E7A40D10073D923 /* Debug */ = {
			isa = XCBuildConfiguration;
			buildSettings = {
				ALWAYS_EMBED_SWIFT_STANDARD_LIBRARIES = "${inherited}";
				BUNDLE_LOADER = "$(TEST_HOST)";
				INFOPLIST_FILE = MyAppTests/Info.plist;
				LD_RUNPATH_SEARCH_PATHS = "$(inherited) @executable_path/Frameworks @loader_path/Frameworks";
				PRODUCT_BUNDLE_IDENTIFIER = vn.asiantech.dev.mvvm.tests;
				PRODUCT_NAME = "$(TARGET_NAME)";
				SWIFT_VERSION = 5.0;
				TEST_HOST = "$(BUILT_PRODUCTS_DIR)/MyApp.app/MyApp";
			};
			name = Debug;
		};
		ECCCCB3A1E7A40D10073D923 /* Release */ = {
			isa = XCBuildConfiguration;
			buildSettings = {
				ALWAYS_EMBED_SWIFT_STANDARD_LIBRARIES = "${inherited}";
				BUNDLE_LOADER = "$(TEST_HOST)";
				INFOPLIST_FILE = MyAppTests/Info.plist;
				LD_RUNPATH_SEARCH_PATHS = "$(inherited) @executable_path/Frameworks @loader_path/Frameworks";
				PRODUCT_BUNDLE_IDENTIFIER = vn.asiantech.dev.mvvm.tests;
				PRODUCT_NAME = "$(TARGET_NAME)";
				SWIFT_VERSION = 5.0;
				TEST_HOST = "$(BUILT_PRODUCTS_DIR)/MyApp.app/MyApp";
			};
			name = Release;
		};
		ECE876851EA9B979005DD06D /* Staging */ = {
			isa = XCBuildConfiguration;
			buildSettings = {
				ALWAYS_SEARCH_USER_PATHS = NO;
				CLANG_ANALYZER_LOCALIZABILITY_NONLOCALIZED = YES;
				CLANG_ANALYZER_NONNULL = YES;
				CLANG_CXX_LANGUAGE_STANDARD = "gnu++0x";
				CLANG_CXX_LIBRARY = "libc++";
				CLANG_ENABLE_MODULES = YES;
				CLANG_ENABLE_OBJC_ARC = YES;
				CLANG_WARN_BLOCK_CAPTURE_AUTORELEASING = YES;
				CLANG_WARN_BOOL_CONVERSION = YES;
				CLANG_WARN_COMMA = YES;
				CLANG_WARN_CONSTANT_CONVERSION = YES;
				CLANG_WARN_DEPRECATED_OBJC_IMPLEMENTATIONS = YES;
				CLANG_WARN_DIRECT_OBJC_ISA_USAGE = YES_ERROR;
				CLANG_WARN_DOCUMENTATION_COMMENTS = YES;
				CLANG_WARN_EMPTY_BODY = YES;
				CLANG_WARN_ENUM_CONVERSION = YES;
				CLANG_WARN_INFINITE_RECURSION = YES;
				CLANG_WARN_INT_CONVERSION = YES;
				CLANG_WARN_NON_LITERAL_NULL_CONVERSION = YES;
				CLANG_WARN_OBJC_IMPLICIT_RETAIN_SELF = YES;
				CLANG_WARN_OBJC_LITERAL_CONVERSION = YES;
				CLANG_WARN_OBJC_ROOT_CLASS = YES_ERROR;
				CLANG_WARN_RANGE_LOOP_ANALYSIS = YES;
				CLANG_WARN_STRICT_PROTOTYPES = YES;
				CLANG_WARN_SUSPICIOUS_MOVE = YES;
				CLANG_WARN_UNREACHABLE_CODE = YES;
				CLANG_WARN__DUPLICATE_METHOD_MATCH = YES;
				"CODE_SIGN_IDENTITY[sdk=iphoneos*]" = "iPhone Developer";
				COPY_PHASE_STRIP = NO;
				DEBUG_INFORMATION_FORMAT = "dwarf-with-dsym";
				ENABLE_NS_ASSERTIONS = NO;
				ENABLE_STRICT_OBJC_MSGSEND = YES;
				GCC_C_LANGUAGE_STANDARD = gnu99;
				GCC_NO_COMMON_BLOCKS = YES;
				GCC_PREPROCESSOR_DEFINITIONS = "STG=1";
				GCC_WARN_64_TO_32_BIT_CONVERSION = YES;
				GCC_WARN_ABOUT_RETURN_TYPE = YES_ERROR;
				GCC_WARN_UNDECLARED_SELECTOR = YES;
				GCC_WARN_UNINITIALIZED_AUTOS = YES_AGGRESSIVE;
				GCC_WARN_UNUSED_FUNCTION = YES;
				GCC_WARN_UNUSED_VARIABLE = YES;
				IPHONEOS_DEPLOYMENT_TARGET = 9.0;
				MTL_ENABLE_DEBUG_INFO = NO;
				SDKROOT = iphoneos;
				SWIFT_ACTIVE_COMPILATION_CONDITIONS = STG;
				SWIFT_OPTIMIZATION_LEVEL = "-Owholemodule";
				SWIFT_VERSION = 5.0;
				VALIDATE_PRODUCT = YES;
			};
			name = Staging;
		};
		ECE876861EA9B979005DD06D /* Staging */ = {
			isa = XCBuildConfiguration;
			baseConfigurationReference = 2471FFF2396065422C1E00E8 /* Pods-MyApp.staging.xcconfig */;
			buildSettings = {
				ASSETCATALOG_COMPILER_APPICON_NAME = AppIcon;
				CODE_SIGN_STYLE = Manual;
				DEVELOPMENT_TEAM = "";
				FRAMEWORK_SEARCH_PATHS = "$(inherited)";
				INFOPLIST_FILE = "$(SRCROOT)/MyApp/Supports/Info.plist";
				IPHONEOS_DEPLOYMENT_TARGET = 9.0;
				LD_RUNPATH_SEARCH_PATHS = "$(inherited) @executable_path/Frameworks";
				PRODUCT_BUNDLE_IDENTIFIER = vn.asiantech.dev.mvvm.demo;
				PRODUCT_NAME = "$(TARGET_NAME)";
				PROVISIONING_PROFILE_SPECIFIER = "";
				SWIFT_VERSION = 4.2;
			};
			name = Staging;
		};
		ECE876871EA9B979005DD06D /* Staging */ = {
			isa = XCBuildConfiguration;
			buildSettings = {
				ALWAYS_EMBED_SWIFT_STANDARD_LIBRARIES = "${inherited}";
				BUNDLE_LOADER = "$(TEST_HOST)";
				INFOPLIST_FILE = MyAppTests/Info.plist;
				LD_RUNPATH_SEARCH_PATHS = "$(inherited) @executable_path/Frameworks @loader_path/Frameworks";
				PRODUCT_BUNDLE_IDENTIFIER = vn.asiantech.dev.mvvm.tests;
				PRODUCT_NAME = "$(TARGET_NAME)";
				SWIFT_VERSION = 5.0;
				TEST_HOST = "$(BUILT_PRODUCTS_DIR)/MyApp.app/MyApp";
			};
			name = Staging;
		};
/* End XCBuildConfiguration section */

/* Begin XCConfigurationList section */
		ECCCCB131E7A40D00073D923 /* Build configuration list for PBXProject "MyApp" */ = {
			isa = XCConfigurationList;
			buildConfigurations = (
				ECCCCB331E7A40D10073D923 /* Debug */,
				ECCCCB341E7A40D10073D923 /* Release */,
				ECE876851EA9B979005DD06D /* Staging */,
			);
			defaultConfigurationIsVisible = 0;
			defaultConfigurationName = Release;
		};
		ECCCCB351E7A40D10073D923 /* Build configuration list for PBXNativeTarget "MyApp" */ = {
			isa = XCConfigurationList;
			buildConfigurations = (
				ECCCCB361E7A40D10073D923 /* Debug */,
				ECCCCB371E7A40D10073D923 /* Release */,
				ECE876861EA9B979005DD06D /* Staging */,
			);
			defaultConfigurationIsVisible = 0;
			defaultConfigurationName = Release;
		};
		ECCCCB381E7A40D10073D923 /* Build configuration list for PBXNativeTarget "MyAppTests" */ = {
			isa = XCConfigurationList;
			buildConfigurations = (
				ECCCCB391E7A40D10073D923 /* Debug */,
				ECCCCB3A1E7A40D10073D923 /* Release */,
				ECE876871EA9B979005DD06D /* Staging */,
			);
			defaultConfigurationIsVisible = 0;
			defaultConfigurationName = Release;
		};
/* End XCConfigurationList section */
	};
	rootObject = ECCCCB101E7A40D00073D923 /* Project object */;
}
